// !$*UTF8*$!
{
	archiveVersion = 1;
	classes = {
	};
	objectVersion = 46;
	objects = {

/* Begin PBXBuildFile section */
		24BF62D91D68D25D00BB8164 /* AppDelegate.swift in Sources */ = {isa = PBXBuildFile; fileRef = 24BF62D81D68D25D00BB8164 /* AppDelegate.swift */; };
		24BF62E01D68D25D00BB8164 /* Assets.xcassets in Resources */ = {isa = PBXBuildFile; fileRef = 24BF62DF1D68D25D00BB8164 /* Assets.xcassets */; };
		24BF62E31D68D25D00BB8164 /* LaunchScreen.storyboard in Resources */ = {isa = PBXBuildFile; fileRef = 24BF62E11D68D25D00BB8164 /* LaunchScreen.storyboard */; };
		24BF63011D68D6CE00BB8164 /* Contents.json in Resources */ = {isa = PBXBuildFile; fileRef = 24BF62EE1D68D6CE00BB8164 /* Contents.json */; };
		24BF63021D68D6CE00BB8164 /* Icon-App-29x29@1x.png in Resources */ = {isa = PBXBuildFile; fileRef = 24BF62EF1D68D6CE00BB8164 /* Icon-App-29x29@1x.png */; };
		24BF63031D68D6CE00BB8164 /* Icon-App-29x29@2x.png in Resources */ = {isa = PBXBuildFile; fileRef = 24BF62F01D68D6CE00BB8164 /* Icon-App-29x29@2x.png */; };
		24BF63041D68D6CE00BB8164 /* Icon-App-29x29@3x.png in Resources */ = {isa = PBXBuildFile; fileRef = 24BF62F11D68D6CE00BB8164 /* Icon-App-29x29@3x.png */; };
		24BF63051D68D6CE00BB8164 /* Icon-App-40x40@1x.png in Resources */ = {isa = PBXBuildFile; fileRef = 24BF62F21D68D6CE00BB8164 /* Icon-App-40x40@1x.png */; };
		24BF63061D68D6CE00BB8164 /* Icon-App-40x40@2x.png in Resources */ = {isa = PBXBuildFile; fileRef = 24BF62F31D68D6CE00BB8164 /* Icon-App-40x40@2x.png */; };
		24BF63071D68D6CE00BB8164 /* Icon-App-40x40@3x.png in Resources */ = {isa = PBXBuildFile; fileRef = 24BF62F41D68D6CE00BB8164 /* Icon-App-40x40@3x.png */; };
		24BF63081D68D6CE00BB8164 /* Icon-App-60x60@1x.png in Resources */ = {isa = PBXBuildFile; fileRef = 24BF62F51D68D6CE00BB8164 /* Icon-App-60x60@1x.png */; };
		24BF63091D68D6CE00BB8164 /* Icon-App-60x60@2x.png in Resources */ = {isa = PBXBuildFile; fileRef = 24BF62F61D68D6CE00BB8164 /* Icon-App-60x60@2x.png */; };
		24BF630A1D68D6CE00BB8164 /* Icon-App-60x60@3x.png in Resources */ = {isa = PBXBuildFile; fileRef = 24BF62F71D68D6CE00BB8164 /* Icon-App-60x60@3x.png */; };
		24BF630B1D68D6CE00BB8164 /* Icon-App-76x76@1x.png in Resources */ = {isa = PBXBuildFile; fileRef = 24BF62F81D68D6CE00BB8164 /* Icon-App-76x76@1x.png */; };
		24BF630C1D68D6CE00BB8164 /* Icon-App-76x76@2x.png in Resources */ = {isa = PBXBuildFile; fileRef = 24BF62F91D68D6CE00BB8164 /* Icon-App-76x76@2x.png */; };
		24BF630D1D68D6CE00BB8164 /* Icon-App-76x76@3x.png in Resources */ = {isa = PBXBuildFile; fileRef = 24BF62FA1D68D6CE00BB8164 /* Icon-App-76x76@3x.png */; };
		24BF630E1D68D6CE00BB8164 /* Icon-App-83.5x83.5@2x.png in Resources */ = {isa = PBXBuildFile; fileRef = 24BF62FB1D68D6CE00BB8164 /* Icon-App-83.5x83.5@2x.png */; };
		24BF630F1D68D6CE00BB8164 /* iTunesArtwork@1x.png in Resources */ = {isa = PBXBuildFile; fileRef = 24BF62FC1D68D6CE00BB8164 /* iTunesArtwork@1x.png */; };
		24BF63101D68D6CE00BB8164 /* iTunesArtwork@2x.png in Resources */ = {isa = PBXBuildFile; fileRef = 24BF62FD1D68D6CE00BB8164 /* iTunesArtwork@2x.png */; };
		24BF63111D68D6CE00BB8164 /* iTunesArtwork@3x.png in Resources */ = {isa = PBXBuildFile; fileRef = 24BF62FE1D68D6CE00BB8164 /* iTunesArtwork@3x.png */; };
		24BF63121D68D6CE00BB8164 /* README.md in Sources */ = {isa = PBXBuildFile; fileRef = 24BF62FF1D68D6CE00BB8164 /* README.md */; };
		24DF18E11D6F51A700F9BEA8 /* bahrin.png in Resources */ = {isa = PBXBuildFile; fileRef = 24DF18B51D6F51A600F9BEA8 /* bahrin.png */; };
		24DF18E21D6F51A700F9BEA8 /* bg_landing.png in Resources */ = {isa = PBXBuildFile; fileRef = 24DF18B61D6F51A600F9BEA8 /* bg_landing.png */; };
		24DF18E31D6F51A700F9BEA8 /* bg_landing_pop.png in Resources */ = {isa = PBXBuildFile; fileRef = 24DF18B71D6F51A600F9BEA8 /* bg_landing_pop.png */; };
		24DF18E41D6F51A700F9BEA8 /* bg_landing_top.png in Resources */ = {isa = PBXBuildFile; fileRef = 24DF18B81D6F51A600F9BEA8 /* bg_landing_top.png */; };
		24DF18E51D6F51A700F9BEA8 /* btn_clack.png in Resources */ = {isa = PBXBuildFile; fileRef = 24DF18B91D6F51A600F9BEA8 /* btn_clack.png */; };
		24DF18E61D6F51A700F9BEA8 /* dubai.png in Resources */ = {isa = PBXBuildFile; fileRef = 24DF18BA1D6F51A600F9BEA8 /* dubai.png */; };
		24DF18E71D6F51A700F9BEA8 /* kuwait.png in Resources */ = {isa = PBXBuildFile; fileRef = 24DF18BB1D6F51A600F9BEA8 /* kuwait.png */; };
		24DF18E81D6F51A700F9BEA8 /* landing_bottom.png in Resources */ = {isa = PBXBuildFile; fileRef = 24DF18BC1D6F51A600F9BEA8 /* landing_bottom.png */; };
		24DF18E91D6F51A700F9BEA8 /* logo_arabic.png in Resources */ = {isa = PBXBuildFile; fileRef = 24DF18BD1D6F51A600F9BEA8 /* logo_arabic.png */; };
		24DF18EA1D6F51A700F9BEA8 /* oman.png in Resources */ = {isa = PBXBuildFile; fileRef = 24DF18BE1D6F51A600F9BEA8 /* oman.png */; };
		24DF18EB1D6F51A700F9BEA8 /* qatar.png in Resources */ = {isa = PBXBuildFile; fileRef = 24DF18BF1D6F51A600F9BEA8 /* qatar.png */; };
		24DF18EC1D6F51A700F9BEA8 /* right_arrow.png in Resources */ = {isa = PBXBuildFile; fileRef = 24DF18C01D6F51A600F9BEA8 /* right_arrow.png */; };
		24DF18ED1D6F51A700F9BEA8 /* saudi_aerbia.png in Resources */ = {isa = PBXBuildFile; fileRef = 24DF18C11D6F51A600F9BEA8 /* saudi_aerbia.png */; };
		24DF18EE1D6F51A700F9BEA8 /* seprator.png in Resources */ = {isa = PBXBuildFile; fileRef = 24DF18C21D6F51A600F9BEA8 /* seprator.png */; };
		24DF18EF1D6F51A700F9BEA8 /* bahrin@2x.png in Resources */ = {isa = PBXBuildFile; fileRef = 24DF18C41D6F51A600F9BEA8 /* bahrin@2x.png */; };
		24DF18F01D6F51A700F9BEA8 /* bg_landing@2x.png in Resources */ = {isa = PBXBuildFile; fileRef = 24DF18C51D6F51A600F9BEA8 /* bg_landing@2x.png */; };
		24DF18F11D6F51A700F9BEA8 /* bg_landing_pop@2x.png in Resources */ = {isa = PBXBuildFile; fileRef = 24DF18C61D6F51A600F9BEA8 /* bg_landing_pop@2x.png */; };
		24DF18F21D6F51A700F9BEA8 /* bg_landing_top@2x.png in Resources */ = {isa = PBXBuildFile; fileRef = 24DF18C71D6F51A600F9BEA8 /* bg_landing_top@2x.png */; };
		24DF18F31D6F51A700F9BEA8 /* btn_clack@2x.png in Resources */ = {isa = PBXBuildFile; fileRef = 24DF18C81D6F51A600F9BEA8 /* btn_clack@2x.png */; };
		24DF18F41D6F51A700F9BEA8 /* dubai@2x.png in Resources */ = {isa = PBXBuildFile; fileRef = 24DF18C91D6F51A600F9BEA8 /* dubai@2x.png */; };
		24DF18F51D6F51A700F9BEA8 /* kuwait@2x.png in Resources */ = {isa = PBXBuildFile; fileRef = 24DF18CA1D6F51A600F9BEA8 /* kuwait@2x.png */; };
		24DF18F61D6F51A700F9BEA8 /* landing_bottom@2x.png in Resources */ = {isa = PBXBuildFile; fileRef = 24DF18CB1D6F51A600F9BEA8 /* landing_bottom@2x.png */; };
		24DF18F71D6F51A700F9BEA8 /* logo_arabic@2x.png in Resources */ = {isa = PBXBuildFile; fileRef = 24DF18CC1D6F51A600F9BEA8 /* logo_arabic@2x.png */; };
		24DF18F81D6F51A700F9BEA8 /* oman@2x.png in Resources */ = {isa = PBXBuildFile; fileRef = 24DF18CD1D6F51A600F9BEA8 /* oman@2x.png */; };
		24DF18F91D6F51A700F9BEA8 /* qatar@2x.png in Resources */ = {isa = PBXBuildFile; fileRef = 24DF18CE1D6F51A600F9BEA8 /* qatar@2x.png */; };
		24DF18FA1D6F51A700F9BEA8 /* right_arrow@2x.png in Resources */ = {isa = PBXBuildFile; fileRef = 24DF18CF1D6F51A600F9BEA8 /* right_arrow@2x.png */; };
		24DF18FB1D6F51A700F9BEA8 /* saudi_aerbia@2x.png in Resources */ = {isa = PBXBuildFile; fileRef = 24DF18D01D6F51A600F9BEA8 /* saudi_aerbia@2x.png */; };
		24DF18FC1D6F51A700F9BEA8 /* seprator@2x.png in Resources */ = {isa = PBXBuildFile; fileRef = 24DF18D11D6F51A600F9BEA8 /* seprator@2x.png */; };
		24DF18FD1D6F51A700F9BEA8 /* bahrin@3x.png in Resources */ = {isa = PBXBuildFile; fileRef = 24DF18D31D6F51A600F9BEA8 /* bahrin@3x.png */; };
		24DF18FE1D6F51A700F9BEA8 /* bg_landing@3x.png in Resources */ = {isa = PBXBuildFile; fileRef = 24DF18D41D6F51A600F9BEA8 /* bg_landing@3x.png */; };
		24DF18FF1D6F51A700F9BEA8 /* bg_landing_pop@3x.png in Resources */ = {isa = PBXBuildFile; fileRef = 24DF18D51D6F51A600F9BEA8 /* bg_landing_pop@3x.png */; };
		24DF19001D6F51A700F9BEA8 /* bg_landing_top@3x.png in Resources */ = {isa = PBXBuildFile; fileRef = 24DF18D61D6F51A600F9BEA8 /* bg_landing_top@3x.png */; };
		24DF19011D6F51A700F9BEA8 /* btn_clack@3x.png in Resources */ = {isa = PBXBuildFile; fileRef = 24DF18D71D6F51A600F9BEA8 /* btn_clack@3x.png */; };
		24DF19021D6F51A700F9BEA8 /* dubai@3x.png in Resources */ = {isa = PBXBuildFile; fileRef = 24DF18D81D6F51A600F9BEA8 /* dubai@3x.png */; };
		24DF19031D6F51A700F9BEA8 /* kuwait@3x.png in Resources */ = {isa = PBXBuildFile; fileRef = 24DF18D91D6F51A600F9BEA8 /* kuwait@3x.png */; };
		24DF19041D6F51A700F9BEA8 /* landing_bottom@3x.png in Resources */ = {isa = PBXBuildFile; fileRef = 24DF18DA1D6F51A600F9BEA8 /* landing_bottom@3x.png */; };
		24DF19051D6F51A700F9BEA8 /* logo_arabic@3x.png in Resources */ = {isa = PBXBuildFile; fileRef = 24DF18DB1D6F51A600F9BEA8 /* logo_arabic@3x.png */; };
		24DF19061D6F51A700F9BEA8 /* oman@3x.png in Resources */ = {isa = PBXBuildFile; fileRef = 24DF18DC1D6F51A600F9BEA8 /* oman@3x.png */; };
		24DF19071D6F51A700F9BEA8 /* qatar@3x.png in Resources */ = {isa = PBXBuildFile; fileRef = 24DF18DD1D6F51A600F9BEA8 /* qatar@3x.png */; };
		24DF19081D6F51A700F9BEA8 /* right_arrow@3x.png in Resources */ = {isa = PBXBuildFile; fileRef = 24DF18DE1D6F51A600F9BEA8 /* right_arrow@3x.png */; };
		24DF19091D6F51A700F9BEA8 /* saudi_aerbia@3x.png in Resources */ = {isa = PBXBuildFile; fileRef = 24DF18DF1D6F51A600F9BEA8 /* saudi_aerbia@3x.png */; };
		24DF190A1D6F51A700F9BEA8 /* seprator@3x.png in Resources */ = {isa = PBXBuildFile; fileRef = 24DF18E01D6F51A700F9BEA8 /* seprator@3x.png */; };
		24DF190E1D6F534400F9BEA8 /* LandingViewController_iPad.xib in Resources */ = {isa = PBXBuildFile; fileRef = 24DF190D1D6F534400F9BEA8 /* LandingViewController_iPad.xib */; };
		24F0BDA51D6B72CD00CC7FB6 /* LandingViewController.swift in Sources */ = {isa = PBXBuildFile; fileRef = 24F0BDA31D6B72CD00CC7FB6 /* LandingViewController.swift */; };
		24F0BDA61D6B72CD00CC7FB6 /* LandingViewController.xib in Resources */ = {isa = PBXBuildFile; fileRef = 24F0BDA41D6B72CD00CC7FB6 /* LandingViewController.xib */; };
		24F0BDAD1D6B7B2F00CC7FB6 /* 320-x-480.png in Resources */ = {isa = PBXBuildFile; fileRef = 24F0BDA81D6B7B2E00CC7FB6 /* 320-x-480.png */; };
		24F0BDAE1D6B7B2F00CC7FB6 /* 640-x-960.png in Resources */ = {isa = PBXBuildFile; fileRef = 24F0BDA91D6B7B2F00CC7FB6 /* 640-x-960.png */; };
		24F0BDAF1D6B7B2F00CC7FB6 /* 640-x-1136.png in Resources */ = {isa = PBXBuildFile; fileRef = 24F0BDAA1D6B7B2F00CC7FB6 /* 640-x-1136.png */; };
		24F0BDB01D6B7B2F00CC7FB6 /* 750-x-1334.png in Resources */ = {isa = PBXBuildFile; fileRef = 24F0BDAB1D6B7B2F00CC7FB6 /* 750-x-1334.png */; };
		24F0BDB11D6B7B2F00CC7FB6 /* 1242-x-2208.png in Resources */ = {isa = PBXBuildFile; fileRef = 24F0BDAC1D6B7B2F00CC7FB6 /* 1242-x-2208.png */; };
		24F0BDCF1D6B7CBC00CC7FB6 /* DroidKufi-Bold.ttf in Resources */ = {isa = PBXBuildFile; fileRef = 24F0BDB41D6B7CBC00CC7FB6 /* DroidKufi-Bold.ttf */; };
		24F0BDD01D6B7CBC00CC7FB6 /* DroidKufi-Regular.ttf in Resources */ = {isa = PBXBuildFile; fileRef = 24F0BDB51D6B7CBC00CC7FB6 /* DroidKufi-Regular.ttf */; };
		24F0BDD11D6B7CBC00CC7FB6 /* DroidNaskh-Bold.ttf in Resources */ = {isa = PBXBuildFile; fileRef = 24F0BDB61D6B7CBC00CC7FB6 /* DroidNaskh-Bold.ttf */; };
		24F0BDD21D6B7CBC00CC7FB6 /* DroidNaskh-Regular.ttf in Resources */ = {isa = PBXBuildFile; fileRef = 24F0BDB71D6B7CBC00CC7FB6 /* DroidNaskh-Regular.ttf */; };
		24F0BDD31D6B7CBC00CC7FB6 /* DESCRIPTION.en_us.html in Resources */ = {isa = PBXBuildFile; fileRef = 24F0BDB91D6B7CBC00CC7FB6 /* DESCRIPTION.en_us.html */; };
		24F0BDD41D6B7CBC00CC7FB6 /* FONTLOG.txt in Resources */ = {isa = PBXBuildFile; fileRef = 24F0BDBA1D6B7CBC00CC7FB6 /* FONTLOG.txt */; };
		24F0BDD51D6B7CBC00CC7FB6 /* METADATA.pb in Resources */ = {isa = PBXBuildFile; fileRef = 24F0BDBB1D6B7CBC00CC7FB6 /* METADATA.pb */; };
		24F0BDD61D6B7CBC00CC7FB6 /* OFL.txt in Resources */ = {isa = PBXBuildFile; fileRef = 24F0BDBC1D6B7CBC00CC7FB6 /* OFL.txt */; };
		24F0BDD71D6B7CBC00CC7FB6 /* Raleway-Black.ttf in Resources */ = {isa = PBXBuildFile; fileRef = 24F0BDBD1D6B7CBC00CC7FB6 /* Raleway-Black.ttf */; };
		24F0BDD81D6B7CBC00CC7FB6 /* Raleway-BlackItalic.ttf in Resources */ = {isa = PBXBuildFile; fileRef = 24F0BDBE1D6B7CBC00CC7FB6 /* Raleway-BlackItalic.ttf */; };
		24F0BDD91D6B7CBC00CC7FB6 /* Raleway-Bold.ttf in Resources */ = {isa = PBXBuildFile; fileRef = 24F0BDBF1D6B7CBC00CC7FB6 /* Raleway-Bold.ttf */; };
		24F0BDDA1D6B7CBC00CC7FB6 /* Raleway-BoldItalic.ttf in Resources */ = {isa = PBXBuildFile; fileRef = 24F0BDC01D6B7CBC00CC7FB6 /* Raleway-BoldItalic.ttf */; };
		24F0BDDB1D6B7CBC00CC7FB6 /* Raleway-ExtraBold.ttf in Resources */ = {isa = PBXBuildFile; fileRef = 24F0BDC11D6B7CBC00CC7FB6 /* Raleway-ExtraBold.ttf */; };
		24F0BDDC1D6B7CBC00CC7FB6 /* Raleway-ExtraBoldItalic.ttf in Resources */ = {isa = PBXBuildFile; fileRef = 24F0BDC21D6B7CBC00CC7FB6 /* Raleway-ExtraBoldItalic.ttf */; };
		24F0BDDD1D6B7CBC00CC7FB6 /* Raleway-ExtraLight.ttf in Resources */ = {isa = PBXBuildFile; fileRef = 24F0BDC31D6B7CBC00CC7FB6 /* Raleway-ExtraLight.ttf */; };
		24F0BDDE1D6B7CBC00CC7FB6 /* Raleway-ExtraLightItalic.ttf in Resources */ = {isa = PBXBuildFile; fileRef = 24F0BDC41D6B7CBC00CC7FB6 /* Raleway-ExtraLightItalic.ttf */; };
		24F0BDDF1D6B7CBC00CC7FB6 /* Raleway-Italic.ttf in Resources */ = {isa = PBXBuildFile; fileRef = 24F0BDC51D6B7CBC00CC7FB6 /* Raleway-Italic.ttf */; };
		24F0BDE01D6B7CBC00CC7FB6 /* Raleway-Light.ttf in Resources */ = {isa = PBXBuildFile; fileRef = 24F0BDC61D6B7CBC00CC7FB6 /* Raleway-Light.ttf */; };
		24F0BDE11D6B7CBC00CC7FB6 /* Raleway-LightItalic.ttf in Resources */ = {isa = PBXBuildFile; fileRef = 24F0BDC71D6B7CBC00CC7FB6 /* Raleway-LightItalic.ttf */; };
		24F0BDE21D6B7CBC00CC7FB6 /* Raleway-Medium.ttf in Resources */ = {isa = PBXBuildFile; fileRef = 24F0BDC81D6B7CBC00CC7FB6 /* Raleway-Medium.ttf */; };
		24F0BDE31D6B7CBC00CC7FB6 /* Raleway-MediumItalic.ttf in Resources */ = {isa = PBXBuildFile; fileRef = 24F0BDC91D6B7CBC00CC7FB6 /* Raleway-MediumItalic.ttf */; };
		24F0BDE41D6B7CBC00CC7FB6 /* Raleway-Regular.ttf in Resources */ = {isa = PBXBuildFile; fileRef = 24F0BDCA1D6B7CBC00CC7FB6 /* Raleway-Regular.ttf */; };
		24F0BDE51D6B7CBC00CC7FB6 /* Raleway-SemiBold.ttf in Resources */ = {isa = PBXBuildFile; fileRef = 24F0BDCB1D6B7CBC00CC7FB6 /* Raleway-SemiBold.ttf */; };
		24F0BDE61D6B7CBC00CC7FB6 /* Raleway-SemiBoldItalic.ttf in Resources */ = {isa = PBXBuildFile; fileRef = 24F0BDCC1D6B7CBC00CC7FB6 /* Raleway-SemiBoldItalic.ttf */; };
		24F0BDE71D6B7CBC00CC7FB6 /* Raleway-Thin.ttf in Resources */ = {isa = PBXBuildFile; fileRef = 24F0BDCD1D6B7CBC00CC7FB6 /* Raleway-Thin.ttf */; };
		24F0BDE81D6B7CBC00CC7FB6 /* Raleway-ThinItalic.ttf in Resources */ = {isa = PBXBuildFile; fileRef = 24F0BDCE1D6B7CBC00CC7FB6 /* Raleway-ThinItalic.ttf */; };
/* End PBXBuildFile section */

/* Begin PBXFileReference section */
		24BF62D51D68D25D00BB8164 /* Shy7lo.app */ = {isa = PBXFileReference; explicitFileType = wrapper.application; includeInIndex = 0; path = Shy7lo.app; sourceTree = BUILT_PRODUCTS_DIR; };
		24BF62D81D68D25D00BB8164 /* AppDelegate.swift */ = {isa = PBXFileReference; lastKnownFileType = sourcecode.swift; path = AppDelegate.swift; sourceTree = "<group>"; };
		24BF62DF1D68D25D00BB8164 /* Assets.xcassets */ = {isa = PBXFileReference; lastKnownFileType = folder.assetcatalog; path = Assets.xcassets; sourceTree = "<group>"; };
		24BF62E21D68D25D00BB8164 /* Base */ = {isa = PBXFileReference; lastKnownFileType = file.storyboard; name = Base; path = Base.lproj/LaunchScreen.storyboard; sourceTree = "<group>"; };
		24BF62E41D68D25D00BB8164 /* Info.plist */ = {isa = PBXFileReference; lastKnownFileType = text.plist.xml; path = Info.plist; sourceTree = "<group>"; };
		24BF62EE1D68D6CE00BB8164 /* Contents.json */ = {isa = PBXFileReference; fileEncoding = 4; lastKnownFileType = text.json; path = Contents.json; sourceTree = "<group>"; };
		24BF62EF1D68D6CE00BB8164 /* Icon-App-29x29@1x.png */ = {isa = PBXFileReference; lastKnownFileType = image.png; path = "Icon-App-29x29@1x.png"; sourceTree = "<group>"; };
		24BF62F01D68D6CE00BB8164 /* Icon-App-29x29@2x.png */ = {isa = PBXFileReference; lastKnownFileType = image.png; path = "Icon-App-29x29@2x.png"; sourceTree = "<group>"; };
		24BF62F11D68D6CE00BB8164 /* Icon-App-29x29@3x.png */ = {isa = PBXFileReference; lastKnownFileType = image.png; path = "Icon-App-29x29@3x.png"; sourceTree = "<group>"; };
		24BF62F21D68D6CE00BB8164 /* Icon-App-40x40@1x.png */ = {isa = PBXFileReference; lastKnownFileType = image.png; path = "Icon-App-40x40@1x.png"; sourceTree = "<group>"; };
		24BF62F31D68D6CE00BB8164 /* Icon-App-40x40@2x.png */ = {isa = PBXFileReference; lastKnownFileType = image.png; path = "Icon-App-40x40@2x.png"; sourceTree = "<group>"; };
		24BF62F41D68D6CE00BB8164 /* Icon-App-40x40@3x.png */ = {isa = PBXFileReference; lastKnownFileType = image.png; path = "Icon-App-40x40@3x.png"; sourceTree = "<group>"; };
		24BF62F51D68D6CE00BB8164 /* Icon-App-60x60@1x.png */ = {isa = PBXFileReference; lastKnownFileType = image.png; path = "Icon-App-60x60@1x.png"; sourceTree = "<group>"; };
		24BF62F61D68D6CE00BB8164 /* Icon-App-60x60@2x.png */ = {isa = PBXFileReference; lastKnownFileType = image.png; path = "Icon-App-60x60@2x.png"; sourceTree = "<group>"; };
		24BF62F71D68D6CE00BB8164 /* Icon-App-60x60@3x.png */ = {isa = PBXFileReference; lastKnownFileType = image.png; path = "Icon-App-60x60@3x.png"; sourceTree = "<group>"; };
		24BF62F81D68D6CE00BB8164 /* Icon-App-76x76@1x.png */ = {isa = PBXFileReference; lastKnownFileType = image.png; path = "Icon-App-76x76@1x.png"; sourceTree = "<group>"; };
		24BF62F91D68D6CE00BB8164 /* Icon-App-76x76@2x.png */ = {isa = PBXFileReference; lastKnownFileType = image.png; path = "Icon-App-76x76@2x.png"; sourceTree = "<group>"; };
		24BF62FA1D68D6CE00BB8164 /* Icon-App-76x76@3x.png */ = {isa = PBXFileReference; lastKnownFileType = image.png; path = "Icon-App-76x76@3x.png"; sourceTree = "<group>"; };
		24BF62FB1D68D6CE00BB8164 /* Icon-App-83.5x83.5@2x.png */ = {isa = PBXFileReference; lastKnownFileType = image.png; path = "Icon-App-83.5x83.5@2x.png"; sourceTree = "<group>"; };
		24BF62FC1D68D6CE00BB8164 /* iTunesArtwork@1x.png */ = {isa = PBXFileReference; lastKnownFileType = image.png; path = "iTunesArtwork@1x.png"; sourceTree = "<group>"; };
		24BF62FD1D68D6CE00BB8164 /* iTunesArtwork@2x.png */ = {isa = PBXFileReference; lastKnownFileType = image.png; path = "iTunesArtwork@2x.png"; sourceTree = "<group>"; };
		24BF62FE1D68D6CE00BB8164 /* iTunesArtwork@3x.png */ = {isa = PBXFileReference; lastKnownFileType = image.png; path = "iTunesArtwork@3x.png"; sourceTree = "<group>"; };
		24BF62FF1D68D6CE00BB8164 /* README.md */ = {isa = PBXFileReference; fileEncoding = 4; lastKnownFileType = net.daringfireball.markdown; path = README.md; sourceTree = "<group>"; };
		24DF18B51D6F51A600F9BEA8 /* bahrin.png */ = {isa = PBXFileReference; lastKnownFileType = image.png; path = bahrin.png; sourceTree = "<group>"; };
		24DF18B61D6F51A600F9BEA8 /* bg_landing.png */ = {isa = PBXFileReference; lastKnownFileType = image.png; path = bg_landing.png; sourceTree = "<group>"; };
		24DF18B71D6F51A600F9BEA8 /* bg_landing_pop.png */ = {isa = PBXFileReference; lastKnownFileType = image.png; path = bg_landing_pop.png; sourceTree = "<group>"; };
		24DF18B81D6F51A600F9BEA8 /* bg_landing_top.png */ = {isa = PBXFileReference; lastKnownFileType = image.png; path = bg_landing_top.png; sourceTree = "<group>"; };
		24DF18B91D6F51A600F9BEA8 /* btn_clack.png */ = {isa = PBXFileReference; lastKnownFileType = image.png; path = btn_clack.png; sourceTree = "<group>"; };
		24DF18BA1D6F51A600F9BEA8 /* dubai.png */ = {isa = PBXFileReference; lastKnownFileType = image.png; path = dubai.png; sourceTree = "<group>"; };
		24DF18BB1D6F51A600F9BEA8 /* kuwait.png */ = {isa = PBXFileReference; lastKnownFileType = image.png; path = kuwait.png; sourceTree = "<group>"; };
		24DF18BC1D6F51A600F9BEA8 /* landing_bottom.png */ = {isa = PBXFileReference; lastKnownFileType = image.png; path = landing_bottom.png; sourceTree = "<group>"; };
		24DF18BD1D6F51A600F9BEA8 /* logo_arabic.png */ = {isa = PBXFileReference; lastKnownFileType = image.png; path = logo_arabic.png; sourceTree = "<group>"; };
		24DF18BE1D6F51A600F9BEA8 /* oman.png */ = {isa = PBXFileReference; lastKnownFileType = image.png; path = oman.png; sourceTree = "<group>"; };
		24DF18BF1D6F51A600F9BEA8 /* qatar.png */ = {isa = PBXFileReference; lastKnownFileType = image.png; path = qatar.png; sourceTree = "<group>"; };
		24DF18C01D6F51A600F9BEA8 /* right_arrow.png */ = {isa = PBXFileReference; lastKnownFileType = image.png; path = right_arrow.png; sourceTree = "<group>"; };
		24DF18C11D6F51A600F9BEA8 /* saudi_aerbia.png */ = {isa = PBXFileReference; lastKnownFileType = image.png; path = saudi_aerbia.png; sourceTree = "<group>"; };
		24DF18C21D6F51A600F9BEA8 /* seprator.png */ = {isa = PBXFileReference; lastKnownFileType = image.png; path = seprator.png; sourceTree = "<group>"; };
		24DF18C41D6F51A600F9BEA8 /* bahrin@2x.png */ = {isa = PBXFileReference; lastKnownFileType = image.png; path = "bahrin@2x.png"; sourceTree = "<group>"; };
		24DF18C51D6F51A600F9BEA8 /* bg_landing@2x.png */ = {isa = PBXFileReference; lastKnownFileType = image.png; path = "bg_landing@2x.png"; sourceTree = "<group>"; };
		24DF18C61D6F51A600F9BEA8 /* bg_landing_pop@2x.png */ = {isa = PBXFileReference; lastKnownFileType = image.png; path = "bg_landing_pop@2x.png"; sourceTree = "<group>"; };
		24DF18C71D6F51A600F9BEA8 /* bg_landing_top@2x.png */ = {isa = PBXFileReference; lastKnownFileType = image.png; path = "bg_landing_top@2x.png"; sourceTree = "<group>"; };
		24DF18C81D6F51A600F9BEA8 /* btn_clack@2x.png */ = {isa = PBXFileReference; lastKnownFileType = image.png; path = "btn_clack@2x.png"; sourceTree = "<group>"; };
		24DF18C91D6F51A600F9BEA8 /* dubai@2x.png */ = {isa = PBXFileReference; lastKnownFileType = image.png; path = "dubai@2x.png"; sourceTree = "<group>"; };
		24DF18CA1D6F51A600F9BEA8 /* kuwait@2x.png */ = {isa = PBXFileReference; lastKnownFileType = image.png; path = "kuwait@2x.png"; sourceTree = "<group>"; };
		24DF18CB1D6F51A600F9BEA8 /* landing_bottom@2x.png */ = {isa = PBXFileReference; lastKnownFileType = image.png; path = "landing_bottom@2x.png"; sourceTree = "<group>"; };
		24DF18CC1D6F51A600F9BEA8 /* logo_arabic@2x.png */ = {isa = PBXFileReference; lastKnownFileType = image.png; path = "logo_arabic@2x.png"; sourceTree = "<group>"; };
		24DF18CD1D6F51A600F9BEA8 /* oman@2x.png */ = {isa = PBXFileReference; lastKnownFileType = image.png; path = "oman@2x.png"; sourceTree = "<group>"; };
		24DF18CE1D6F51A600F9BEA8 /* qatar@2x.png */ = {isa = PBXFileReference; lastKnownFileType = image.png; path = "qatar@2x.png"; sourceTree = "<group>"; };
		24DF18CF1D6F51A600F9BEA8 /* right_arrow@2x.png */ = {isa = PBXFileReference; lastKnownFileType = image.png; path = "right_arrow@2x.png"; sourceTree = "<group>"; };
		24DF18D01D6F51A600F9BEA8 /* saudi_aerbia@2x.png */ = {isa = PBXFileReference; lastKnownFileType = image.png; path = "saudi_aerbia@2x.png"; sourceTree = "<group>"; };
		24DF18D11D6F51A600F9BEA8 /* seprator@2x.png */ = {isa = PBXFileReference; lastKnownFileType = image.png; path = "seprator@2x.png"; sourceTree = "<group>"; };
		24DF18D31D6F51A600F9BEA8 /* bahrin@3x.png */ = {isa = PBXFileReference; lastKnownFileType = image.png; path = "bahrin@3x.png"; sourceTree = "<group>"; };
		24DF18D41D6F51A600F9BEA8 /* bg_landing@3x.png */ = {isa = PBXFileReference; lastKnownFileType = image.png; path = "bg_landing@3x.png"; sourceTree = "<group>"; };
		24DF18D51D6F51A600F9BEA8 /* bg_landing_pop@3x.png */ = {isa = PBXFileReference; lastKnownFileType = image.png; path = "bg_landing_pop@3x.png"; sourceTree = "<group>"; };
		24DF18D61D6F51A600F9BEA8 /* bg_landing_top@3x.png */ = {isa = PBXFileReference; lastKnownFileType = image.png; path = "bg_landing_top@3x.png"; sourceTree = "<group>"; };
		24DF18D71D6F51A600F9BEA8 /* btn_clack@3x.png */ = {isa = PBXFileReference; lastKnownFileType = image.png; path = "btn_clack@3x.png"; sourceTree = "<group>"; };
		24DF18D81D6F51A600F9BEA8 /* dubai@3x.png */ = {isa = PBXFileReference; lastKnownFileType = image.png; path = "dubai@3x.png"; sourceTree = "<group>"; };
		24DF18D91D6F51A600F9BEA8 /* kuwait@3x.png */ = {isa = PBXFileReference; lastKnownFileType = image.png; path = "kuwait@3x.png"; sourceTree = "<group>"; };
		24DF18DA1D6F51A600F9BEA8 /* landing_bottom@3x.png */ = {isa = PBXFileReference; lastKnownFileType = image.png; path = "landing_bottom@3x.png"; sourceTree = "<group>"; };
		24DF18DB1D6F51A600F9BEA8 /* logo_arabic@3x.png */ = {isa = PBXFileReference; lastKnownFileType = image.png; path = "logo_arabic@3x.png"; sourceTree = "<group>"; };
		24DF18DC1D6F51A600F9BEA8 /* oman@3x.png */ = {isa = PBXFileReference; lastKnownFileType = image.png; path = "oman@3x.png"; sourceTree = "<group>"; };
		24DF18DD1D6F51A600F9BEA8 /* qatar@3x.png */ = {isa = PBXFileReference; lastKnownFileType = image.png; path = "qatar@3x.png"; sourceTree = "<group>"; };
		24DF18DE1D6F51A600F9BEA8 /* right_arrow@3x.png */ = {isa = PBXFileReference; lastKnownFileType = image.png; path = "right_arrow@3x.png"; sourceTree = "<group>"; };
		24DF18DF1D6F51A600F9BEA8 /* saudi_aerbia@3x.png */ = {isa = PBXFileReference; lastKnownFileType = image.png; path = "saudi_aerbia@3x.png"; sourceTree = "<group>"; };
		24DF18E01D6F51A700F9BEA8 /* seprator@3x.png */ = {isa = PBXFileReference; lastKnownFileType = image.png; path = "seprator@3x.png"; sourceTree = "<group>"; };
		24DF190D1D6F534400F9BEA8 /* LandingViewController_iPad.xib */ = {isa = PBXFileReference; fileEncoding = 4; lastKnownFileType = file.xib; path = LandingViewController_iPad.xib; sourceTree = "<group>"; };
		24F0BDA31D6B72CD00CC7FB6 /* LandingViewController.swift */ = {isa = PBXFileReference; fileEncoding = 4; lastKnownFileType = sourcecode.swift; path = LandingViewController.swift; sourceTree = "<group>"; };
		24F0BDA41D6B72CD00CC7FB6 /* LandingViewController.xib */ = {isa = PBXFileReference; fileEncoding = 4; lastKnownFileType = file.xib; path = LandingViewController.xib; sourceTree = "<group>"; };
		24F0BDA81D6B7B2E00CC7FB6 /* 320-x-480.png */ = {isa = PBXFileReference; lastKnownFileType = image.png; path = "320-x-480.png"; sourceTree = "<group>"; };
		24F0BDA91D6B7B2F00CC7FB6 /* 640-x-960.png */ = {isa = PBXFileReference; lastKnownFileType = image.png; path = "640-x-960.png"; sourceTree = "<group>"; };
		24F0BDAA1D6B7B2F00CC7FB6 /* 640-x-1136.png */ = {isa = PBXFileReference; lastKnownFileType = image.png; path = "640-x-1136.png"; sourceTree = "<group>"; };
		24F0BDAB1D6B7B2F00CC7FB6 /* 750-x-1334.png */ = {isa = PBXFileReference; lastKnownFileType = image.png; path = "750-x-1334.png"; sourceTree = "<group>"; };
		24F0BDAC1D6B7B2F00CC7FB6 /* 1242-x-2208.png */ = {isa = PBXFileReference; lastKnownFileType = image.png; path = "1242-x-2208.png"; sourceTree = "<group>"; };
		24F0BDB41D6B7CBC00CC7FB6 /* DroidKufi-Bold.ttf */ = {isa = PBXFileReference; lastKnownFileType = file; path = "DroidKufi-Bold.ttf"; sourceTree = "<group>"; };
		24F0BDB51D6B7CBC00CC7FB6 /* DroidKufi-Regular.ttf */ = {isa = PBXFileReference; lastKnownFileType = file; path = "DroidKufi-Regular.ttf"; sourceTree = "<group>"; };
		24F0BDB61D6B7CBC00CC7FB6 /* DroidNaskh-Bold.ttf */ = {isa = PBXFileReference; lastKnownFileType = file; path = "DroidNaskh-Bold.ttf"; sourceTree = "<group>"; };
		24F0BDB71D6B7CBC00CC7FB6 /* DroidNaskh-Regular.ttf */ = {isa = PBXFileReference; lastKnownFileType = file; path = "DroidNaskh-Regular.ttf"; sourceTree = "<group>"; };
		24F0BDB91D6B7CBC00CC7FB6 /* DESCRIPTION.en_us.html */ = {isa = PBXFileReference; fileEncoding = 4; lastKnownFileType = text.html; path = DESCRIPTION.en_us.html; sourceTree = "<group>"; };
		24F0BDBA1D6B7CBC00CC7FB6 /* FONTLOG.txt */ = {isa = PBXFileReference; fileEncoding = 4; lastKnownFileType = text; path = FONTLOG.txt; sourceTree = "<group>"; };
		24F0BDBB1D6B7CBC00CC7FB6 /* METADATA.pb */ = {isa = PBXFileReference; fileEncoding = 4; lastKnownFileType = text; path = METADATA.pb; sourceTree = "<group>"; };
		24F0BDBC1D6B7CBC00CC7FB6 /* OFL.txt */ = {isa = PBXFileReference; fileEncoding = 4; lastKnownFileType = text; path = OFL.txt; sourceTree = "<group>"; };
		24F0BDBD1D6B7CBC00CC7FB6 /* Raleway-Black.ttf */ = {isa = PBXFileReference; lastKnownFileType = file; path = "Raleway-Black.ttf"; sourceTree = "<group>"; };
		24F0BDBE1D6B7CBC00CC7FB6 /* Raleway-BlackItalic.ttf */ = {isa = PBXFileReference; lastKnownFileType = file; path = "Raleway-BlackItalic.ttf"; sourceTree = "<group>"; };
		24F0BDBF1D6B7CBC00CC7FB6 /* Raleway-Bold.ttf */ = {isa = PBXFileReference; lastKnownFileType = file; path = "Raleway-Bold.ttf"; sourceTree = "<group>"; };
		24F0BDC01D6B7CBC00CC7FB6 /* Raleway-BoldItalic.ttf */ = {isa = PBXFileReference; lastKnownFileType = file; path = "Raleway-BoldItalic.ttf"; sourceTree = "<group>"; };
		24F0BDC11D6B7CBC00CC7FB6 /* Raleway-ExtraBold.ttf */ = {isa = PBXFileReference; lastKnownFileType = file; path = "Raleway-ExtraBold.ttf"; sourceTree = "<group>"; };
		24F0BDC21D6B7CBC00CC7FB6 /* Raleway-ExtraBoldItalic.ttf */ = {isa = PBXFileReference; lastKnownFileType = file; path = "Raleway-ExtraBoldItalic.ttf"; sourceTree = "<group>"; };
		24F0BDC31D6B7CBC00CC7FB6 /* Raleway-ExtraLight.ttf */ = {isa = PBXFileReference; lastKnownFileType = file; path = "Raleway-ExtraLight.ttf"; sourceTree = "<group>"; };
		24F0BDC41D6B7CBC00CC7FB6 /* Raleway-ExtraLightItalic.ttf */ = {isa = PBXFileReference; lastKnownFileType = file; path = "Raleway-ExtraLightItalic.ttf"; sourceTree = "<group>"; };
		24F0BDC51D6B7CBC00CC7FB6 /* Raleway-Italic.ttf */ = {isa = PBXFileReference; lastKnownFileType = file; path = "Raleway-Italic.ttf"; sourceTree = "<group>"; };
		24F0BDC61D6B7CBC00CC7FB6 /* Raleway-Light.ttf */ = {isa = PBXFileReference; lastKnownFileType = file; path = "Raleway-Light.ttf"; sourceTree = "<group>"; };
		24F0BDC71D6B7CBC00CC7FB6 /* Raleway-LightItalic.ttf */ = {isa = PBXFileReference; lastKnownFileType = file; path = "Raleway-LightItalic.ttf"; sourceTree = "<group>"; };
		24F0BDC81D6B7CBC00CC7FB6 /* Raleway-Medium.ttf */ = {isa = PBXFileReference; lastKnownFileType = file; path = "Raleway-Medium.ttf"; sourceTree = "<group>"; };
		24F0BDC91D6B7CBC00CC7FB6 /* Raleway-MediumItalic.ttf */ = {isa = PBXFileReference; lastKnownFileType = file; path = "Raleway-MediumItalic.ttf"; sourceTree = "<group>"; };
		24F0BDCA1D6B7CBC00CC7FB6 /* Raleway-Regular.ttf */ = {isa = PBXFileReference; lastKnownFileType = file; path = "Raleway-Regular.ttf"; sourceTree = "<group>"; };
		24F0BDCB1D6B7CBC00CC7FB6 /* Raleway-SemiBold.ttf */ = {isa = PBXFileReference; lastKnownFileType = file; path = "Raleway-SemiBold.ttf"; sourceTree = "<group>"; };
		24F0BDCC1D6B7CBC00CC7FB6 /* Raleway-SemiBoldItalic.ttf */ = {isa = PBXFileReference; lastKnownFileType = file; path = "Raleway-SemiBoldItalic.ttf"; sourceTree = "<group>"; };
		24F0BDCD1D6B7CBC00CC7FB6 /* Raleway-Thin.ttf */ = {isa = PBXFileReference; lastKnownFileType = file; path = "Raleway-Thin.ttf"; sourceTree = "<group>"; };
		24F0BDCE1D6B7CBC00CC7FB6 /* Raleway-ThinItalic.ttf */ = {isa = PBXFileReference; lastKnownFileType = file; path = "Raleway-ThinItalic.ttf"; sourceTree = "<group>"; };
/* End PBXFileReference section */

/* Begin PBXFrameworksBuildPhase section */
		24BF62D21D68D25D00BB8164 /* Frameworks */ = {
			isa = PBXFrameworksBuildPhase;
			buildActionMask = 2147483647;
			files = (
			);
			runOnlyForDeploymentPostprocessing = 0;
		};
/* End PBXFrameworksBuildPhase section */

/* Begin PBXGroup section */
		24BF62CC1D68D25D00BB8164 = {
			isa = PBXGroup;
			children = (
				24BF62D71D68D25D00BB8164 /* Shy7lo */,
				24BF62D61D68D25D00BB8164 /* Products */,
			);
			sourceTree = "<group>";
		};
		24BF62D61D68D25D00BB8164 /* Products */ = {
			isa = PBXGroup;
			children = (
				24BF62D51D68D25D00BB8164 /* Shy7lo.app */,
			);
			name = Products;
			sourceTree = "<group>";
		};
		24BF62D71D68D25D00BB8164 /* Shy7lo */ = {
			isa = PBXGroup;
			children = (
				24BF62D81D68D25D00BB8164 /* AppDelegate.swift */,
				24BF62DF1D68D25D00BB8164 /* Assets.xcassets */,
				24BF62E11D68D25D00BB8164 /* LaunchScreen.storyboard */,
				24F0BDA11D6B729800CC7FB6 /* ViewController */,
				24BF62EA1D68D6CE00BB8164 /* Resources */,
				24BF62E41D68D25D00BB8164 /* Info.plist */,
			);
			path = Shy7lo;
			sourceTree = "<group>";
		};
		24BF62EA1D68D6CE00BB8164 /* Resources */ = {
			isa = PBXGroup;
			children = (
				24F0BDB21D6B7CBC00CC7FB6 /* Fonts */,
				24F0BDA71D6B7ABE00CC7FB6 /* Splash */,
				24BF62EB1D68D6CE00BB8164 /* icon */,
				24BF63001D68D6CE00BB8164 /* Landing */,
			);
			path = Resources;
			sourceTree = "<group>";
		};
		24BF62EB1D68D6CE00BB8164 /* icon */ = {
			isa = PBXGroup;
			children = (
				24BF62EC1D68D6CE00BB8164 /* ios */,
			);
			path = icon;
			sourceTree = "<group>";
		};
		24BF62EC1D68D6CE00BB8164 /* ios */ = {
			isa = PBXGroup;
			children = (
				24BF62ED1D68D6CE00BB8164 /* AppIcon.appiconset */,
				24BF62FC1D68D6CE00BB8164 /* iTunesArtwork@1x.png */,
				24BF62FD1D68D6CE00BB8164 /* iTunesArtwork@2x.png */,
				24BF62FE1D68D6CE00BB8164 /* iTunesArtwork@3x.png */,
				24BF62FF1D68D6CE00BB8164 /* README.md */,
			);
			path = ios;
			sourceTree = "<group>";
		};
		24BF62ED1D68D6CE00BB8164 /* AppIcon.appiconset */ = {
			isa = PBXGroup;
			children = (
				24BF62EE1D68D6CE00BB8164 /* Contents.json */,
				24BF62EF1D68D6CE00BB8164 /* Icon-App-29x29@1x.png */,
				24BF62F01D68D6CE00BB8164 /* Icon-App-29x29@2x.png */,
				24BF62F11D68D6CE00BB8164 /* Icon-App-29x29@3x.png */,
				24BF62F21D68D6CE00BB8164 /* Icon-App-40x40@1x.png */,
				24BF62F31D68D6CE00BB8164 /* Icon-App-40x40@2x.png */,
				24BF62F41D68D6CE00BB8164 /* Icon-App-40x40@3x.png */,
				24BF62F51D68D6CE00BB8164 /* Icon-App-60x60@1x.png */,
				24BF62F61D68D6CE00BB8164 /* Icon-App-60x60@2x.png */,
				24BF62F71D68D6CE00BB8164 /* Icon-App-60x60@3x.png */,
				24BF62F81D68D6CE00BB8164 /* Icon-App-76x76@1x.png */,
				24BF62F91D68D6CE00BB8164 /* Icon-App-76x76@2x.png */,
				24BF62FA1D68D6CE00BB8164 /* Icon-App-76x76@3x.png */,
				24BF62FB1D68D6CE00BB8164 /* Icon-App-83.5x83.5@2x.png */,
			);
			path = AppIcon.appiconset;
			sourceTree = "<group>";
		};
		24BF63001D68D6CE00BB8164 /* Landing */ = {
			isa = PBXGroup;
			children = (
				24DF18B41D6F51A600F9BEA8 /* 1x */,
				24DF18C31D6F51A600F9BEA8 /* 2x */,
				24DF18D21D6F51A600F9BEA8 /* 3x */,
				24DF185B1D6F513200F9BEA8 /* iPad */,
			);
			path = Landing;
			sourceTree = "<group>";
		};
		24DF185B1D6F513200F9BEA8 /* iPad */ = {
			isa = PBXGroup;
			children = (
				24DF190B1D6F526300F9BEA8 /* 1x */,
				24DF190C1D6F526300F9BEA8 /* 2x */,
			);
			path = iPad;
			sourceTree = "<group>";
		};
		24DF18B41D6F51A600F9BEA8 /* 1x */ = {
			isa = PBXGroup;
			children = (
				24DF18B51D6F51A600F9BEA8 /* bahrin.png */,
				24DF18B61D6F51A600F9BEA8 /* bg_landing.png */,
				24DF18B71D6F51A600F9BEA8 /* bg_landing_pop.png */,
				24DF18B81D6F51A600F9BEA8 /* bg_landing_top.png */,
				24DF18B91D6F51A600F9BEA8 /* btn_clack.png */,
				24DF18BA1D6F51A600F9BEA8 /* dubai.png */,
				24DF18BB1D6F51A600F9BEA8 /* kuwait.png */,
				24DF18BC1D6F51A600F9BEA8 /* landing_bottom.png */,
				24DF18BD1D6F51A600F9BEA8 /* logo_arabic.png */,
				24DF18BE1D6F51A600F9BEA8 /* oman.png */,
				24DF18BF1D6F51A600F9BEA8 /* qatar.png */,
				24DF18C01D6F51A600F9BEA8 /* right_arrow.png */,
				24DF18C11D6F51A600F9BEA8 /* saudi_aerbia.png */,
				24DF18C21D6F51A600F9BEA8 /* seprator.png */,
			);
			path = 1x;
			sourceTree = "<group>";
		};
		24DF18C31D6F51A600F9BEA8 /* 2x */ = {
			isa = PBXGroup;
			children = (
				24DF18C41D6F51A600F9BEA8 /* bahrin@2x.png */,
				24DF18C51D6F51A600F9BEA8 /* bg_landing@2x.png */,
				24DF18C61D6F51A600F9BEA8 /* bg_landing_pop@2x.png */,
				24DF18C71D6F51A600F9BEA8 /* bg_landing_top@2x.png */,
				24DF18C81D6F51A600F9BEA8 /* btn_clack@2x.png */,
				24DF18C91D6F51A600F9BEA8 /* dubai@2x.png */,
				24DF18CA1D6F51A600F9BEA8 /* kuwait@2x.png */,
				24DF18CB1D6F51A600F9BEA8 /* landing_bottom@2x.png */,
				24DF18CC1D6F51A600F9BEA8 /* logo_arabic@2x.png */,
				24DF18CD1D6F51A600F9BEA8 /* oman@2x.png */,
				24DF18CE1D6F51A600F9BEA8 /* qatar@2x.png */,
				24DF18CF1D6F51A600F9BEA8 /* right_arrow@2x.png */,
				24DF18D01D6F51A600F9BEA8 /* saudi_aerbia@2x.png */,
				24DF18D11D6F51A600F9BEA8 /* seprator@2x.png */,
			);
			path = 2x;
			sourceTree = "<group>";
		};
		24DF18D21D6F51A600F9BEA8 /* 3x */ = {
			isa = PBXGroup;
			children = (
				24DF18D31D6F51A600F9BEA8 /* bahrin@3x.png */,
				24DF18D41D6F51A600F9BEA8 /* bg_landing@3x.png */,
				24DF18D51D6F51A600F9BEA8 /* bg_landing_pop@3x.png */,
				24DF18D61D6F51A600F9BEA8 /* bg_landing_top@3x.png */,
				24DF18D71D6F51A600F9BEA8 /* btn_clack@3x.png */,
				24DF18D81D6F51A600F9BEA8 /* dubai@3x.png */,
				24DF18D91D6F51A600F9BEA8 /* kuwait@3x.png */,
				24DF18DA1D6F51A600F9BEA8 /* landing_bottom@3x.png */,
				24DF18DB1D6F51A600F9BEA8 /* logo_arabic@3x.png */,
				24DF18DC1D6F51A600F9BEA8 /* oman@3x.png */,
				24DF18DD1D6F51A600F9BEA8 /* qatar@3x.png */,
				24DF18DE1D6F51A600F9BEA8 /* right_arrow@3x.png */,
				24DF18DF1D6F51A600F9BEA8 /* saudi_aerbia@3x.png */,
				24DF18E01D6F51A700F9BEA8 /* seprator@3x.png */,
			);
			path = 3x;
			sourceTree = "<group>";
		};
		24DF190B1D6F526300F9BEA8 /* 1x */ = {
			isa = PBXGroup;
			children = (
			);
			path = 1x;
			sourceTree = "<group>";
		};
		24DF190C1D6F526300F9BEA8 /* 2x */ = {
			isa = PBXGroup;
			children = (
			);
			path = 2x;
			sourceTree = "<group>";
		};
		24F0BDA11D6B729800CC7FB6 /* ViewController */ = {
			isa = PBXGroup;
			children = (
				24F0BDA21D6B72B500CC7FB6 /* Landing */,
			);
			path = ViewController;
			sourceTree = "<group>";
		};
		24F0BDA21D6B72B500CC7FB6 /* Landing */ = {
			isa = PBXGroup;
			children = (
				24F0BDA31D6B72CD00CC7FB6 /* LandingViewController.swift */,
				24F0BDA41D6B72CD00CC7FB6 /* LandingViewController.xib */,
				24DF190D1D6F534400F9BEA8 /* LandingViewController_iPad.xib */,
			);
			path = Landing;
			sourceTree = "<group>";
		};
		24F0BDA71D6B7ABE00CC7FB6 /* Splash */ = {
			isa = PBXGroup;
			children = (
				24F0BDA81D6B7B2E00CC7FB6 /* 320-x-480.png */,
				24F0BDA91D6B7B2F00CC7FB6 /* 640-x-960.png */,
				24F0BDAA1D6B7B2F00CC7FB6 /* 640-x-1136.png */,
				24F0BDAB1D6B7B2F00CC7FB6 /* 750-x-1334.png */,
				24F0BDAC1D6B7B2F00CC7FB6 /* 1242-x-2208.png */,
			);
			path = Splash;
			sourceTree = "<group>";
		};
		24F0BDB21D6B7CBC00CC7FB6 /* Fonts */ = {
			isa = PBXGroup;
			children = (
				24F0BDB31D6B7CBC00CC7FB6 /* DroidKufi-DroidNaskh */,
				24F0BDB81D6B7CBC00CC7FB6 /* raleway */,
			);
			path = Fonts;
			sourceTree = "<group>";
		};
		24F0BDB31D6B7CBC00CC7FB6 /* DroidKufi-DroidNaskh */ = {
			isa = PBXGroup;
			children = (
				24F0BDB41D6B7CBC00CC7FB6 /* DroidKufi-Bold.ttf */,
				24F0BDB51D6B7CBC00CC7FB6 /* DroidKufi-Regular.ttf */,
				24F0BDB61D6B7CBC00CC7FB6 /* DroidNaskh-Bold.ttf */,
				24F0BDB71D6B7CBC00CC7FB6 /* DroidNaskh-Regular.ttf */,
			);
			path = "DroidKufi-DroidNaskh";
			sourceTree = "<group>";
		};
		24F0BDB81D6B7CBC00CC7FB6 /* raleway */ = {
			isa = PBXGroup;
			children = (
				24F0BDB91D6B7CBC00CC7FB6 /* DESCRIPTION.en_us.html */,
				24F0BDBA1D6B7CBC00CC7FB6 /* FONTLOG.txt */,
				24F0BDBB1D6B7CBC00CC7FB6 /* METADATA.pb */,
				24F0BDBC1D6B7CBC00CC7FB6 /* OFL.txt */,
				24F0BDBD1D6B7CBC00CC7FB6 /* Raleway-Black.ttf */,
				24F0BDBE1D6B7CBC00CC7FB6 /* Raleway-BlackItalic.ttf */,
				24F0BDBF1D6B7CBC00CC7FB6 /* Raleway-Bold.ttf */,
				24F0BDC01D6B7CBC00CC7FB6 /* Raleway-BoldItalic.ttf */,
				24F0BDC11D6B7CBC00CC7FB6 /* Raleway-ExtraBold.ttf */,
				24F0BDC21D6B7CBC00CC7FB6 /* Raleway-ExtraBoldItalic.ttf */,
				24F0BDC31D6B7CBC00CC7FB6 /* Raleway-ExtraLight.ttf */,
				24F0BDC41D6B7CBC00CC7FB6 /* Raleway-ExtraLightItalic.ttf */,
				24F0BDC51D6B7CBC00CC7FB6 /* Raleway-Italic.ttf */,
				24F0BDC61D6B7CBC00CC7FB6 /* Raleway-Light.ttf */,
				24F0BDC71D6B7CBC00CC7FB6 /* Raleway-LightItalic.ttf */,
				24F0BDC81D6B7CBC00CC7FB6 /* Raleway-Medium.ttf */,
				24F0BDC91D6B7CBC00CC7FB6 /* Raleway-MediumItalic.ttf */,
				24F0BDCA1D6B7CBC00CC7FB6 /* Raleway-Regular.ttf */,
				24F0BDCB1D6B7CBC00CC7FB6 /* Raleway-SemiBold.ttf */,
				24F0BDCC1D6B7CBC00CC7FB6 /* Raleway-SemiBoldItalic.ttf */,
				24F0BDCD1D6B7CBC00CC7FB6 /* Raleway-Thin.ttf */,
				24F0BDCE1D6B7CBC00CC7FB6 /* Raleway-ThinItalic.ttf */,
			);
			path = raleway;
			sourceTree = "<group>";
		};
/* End PBXGroup section */

/* Begin PBXNativeTarget section */
		24BF62D41D68D25D00BB8164 /* Shy7lo */ = {
			isa = PBXNativeTarget;
			buildConfigurationList = 24BF62E71D68D25D00BB8164 /* Build configuration list for PBXNativeTarget "Shy7lo" */;
			buildPhases = (
				24BF62D11D68D25D00BB8164 /* Sources */,
				24BF62D21D68D25D00BB8164 /* Frameworks */,
				24BF62D31D68D25D00BB8164 /* Resources */,
			);
			buildRules = (
			);
			dependencies = (
			);
			name = Shy7lo;
			productName = Shy7lo;
			productReference = 24BF62D51D68D25D00BB8164 /* Shy7lo.app */;
			productType = "com.apple.product-type.application";
		};
/* End PBXNativeTarget section */

/* Begin PBXProject section */
		24BF62CD1D68D25D00BB8164 /* Project object */ = {
			isa = PBXProject;
			attributes = {
				LastSwiftUpdateCheck = 0730;
				LastUpgradeCheck = 0730;
				ORGANIZATIONNAME = "jitendra bhadja";
				TargetAttributes = {
					24BF62D41D68D25D00BB8164 = {
						CreatedOnToolsVersion = 7.3.1;
					};
				};
			};
			buildConfigurationList = 24BF62D01D68D25D00BB8164 /* Build configuration list for PBXProject "Shy7lo" */;
			compatibilityVersion = "Xcode 3.2";
			developmentRegion = English;
			hasScannedForEncodings = 0;
			knownRegions = (
				en,
				Base,
			);
			mainGroup = 24BF62CC1D68D25D00BB8164;
			productRefGroup = 24BF62D61D68D25D00BB8164 /* Products */;
			projectDirPath = "";
			projectRoot = "";
			targets = (
				24BF62D41D68D25D00BB8164 /* Shy7lo */,
			);
		};
/* End PBXProject section */

/* Begin PBXResourcesBuildPhase section */
		24BF62D31D68D25D00BB8164 /* Resources */ = {
			isa = PBXResourcesBuildPhase;
			buildActionMask = 2147483647;
			files = (
				24DF19031D6F51A700F9BEA8 /* kuwait@3x.png in Resources */,
				24DF18EA1D6F51A700F9BEA8 /* oman.png in Resources */,
				24DF18FB1D6F51A700F9BEA8 /* saudi_aerbia@2x.png in Resources */,
				24BF63031D68D6CE00BB8164 /* Icon-App-29x29@2x.png in Resources */,
				24F0BDD91D6B7CBC00CC7FB6 /* Raleway-Bold.ttf in Resources */,
				24BF63081D68D6CE00BB8164 /* Icon-App-60x60@1x.png in Resources */,
				24DF18F41D6F51A700F9BEA8 /* dubai@2x.png in Resources */,
				24BF630D1D68D6CE00BB8164 /* Icon-App-76x76@3x.png in Resources */,
				24F0BDE31D6B7CBC00CC7FB6 /* Raleway-MediumItalic.ttf in Resources */,
				24F0BDD11D6B7CBC00CC7FB6 /* DroidNaskh-Bold.ttf in Resources */,
				24DF18E51D6F51A700F9BEA8 /* btn_clack.png in Resources */,
				24BF62E31D68D25D00BB8164 /* LaunchScreen.storyboard in Resources */,
				24DF19021D6F51A700F9BEA8 /* dubai@3x.png in Resources */,
				24F0BDE51D6B7CBC00CC7FB6 /* Raleway-SemiBold.ttf in Resources */,
				24BF630F1D68D6CE00BB8164 /* iTunesArtwork@1x.png in Resources */,
				24DF18FA1D6F51A700F9BEA8 /* right_arrow@2x.png in Resources */,
				24BF630A1D68D6CE00BB8164 /* Icon-App-60x60@3x.png in Resources */,
				24F0BDAF1D6B7B2F00CC7FB6 /* 640-x-1136.png in Resources */,
				24BF63051D68D6CE00BB8164 /* Icon-App-40x40@1x.png in Resources */,
				24DF18E21D6F51A700F9BEA8 /* bg_landing.png in Resources */,
				24F0BDAE1D6B7B2F00CC7FB6 /* 640-x-960.png in Resources */,
				24F0BDD61D6B7CBC00CC7FB6 /* OFL.txt in Resources */,
				24BF62E01D68D25D00BB8164 /* Assets.xcassets in Resources */,
				24F0BDE81D6B7CBC00CC7FB6 /* Raleway-ThinItalic.ttf in Resources */,
				24F0BDE21D6B7CBC00CC7FB6 /* Raleway-Medium.ttf in Resources */,
				24DF19091D6F51A700F9BEA8 /* saudi_aerbia@3x.png in Resources */,
				24DF19041D6F51A700F9BEA8 /* landing_bottom@3x.png in Resources */,
				24DF18F51D6F51A700F9BEA8 /* kuwait@2x.png in Resources */,
				24F0BDDF1D6B7CBC00CC7FB6 /* Raleway-Italic.ttf in Resources */,
				24DF18FC1D6F51A700F9BEA8 /* seprator@2x.png in Resources */,
				24F0BDDA1D6B7CBC00CC7FB6 /* Raleway-BoldItalic.ttf in Resources */,
				24BF63011D68D6CE00BB8164 /* Contents.json in Resources */,
				24F0BDE11D6B7CBC00CC7FB6 /* Raleway-LightItalic.ttf in Resources */,
				24F0BDDC1D6B7CBC00CC7FB6 /* Raleway-ExtraBoldItalic.ttf in Resources */,
				24BF630B1D68D6CE00BB8164 /* Icon-App-76x76@1x.png in Resources */,
				24DF18FD1D6F51A700F9BEA8 /* bahrin@3x.png in Resources */,
				24DF18EE1D6F51A700F9BEA8 /* seprator.png in Resources */,
				24DF18F01D6F51A700F9BEA8 /* bg_landing@2x.png in Resources */,
				24F0BDD41D6B7CBC00CC7FB6 /* FONTLOG.txt in Resources */,
				24DF18F31D6F51A700F9BEA8 /* btn_clack@2x.png in Resources */,
				24DF190E1D6F534400F9BEA8 /* LandingViewController_iPad.xib in Resources */,
				24F0BDD81D6B7CBC00CC7FB6 /* Raleway-BlackItalic.ttf in Resources */,
				24F0BDE41D6B7CBC00CC7FB6 /* Raleway-Regular.ttf in Resources */,
				24F0BDA61D6B72CD00CC7FB6 /* LandingViewController.xib in Resources */,
				24DF18E81D6F51A700F9BEA8 /* landing_bottom.png in Resources */,
				24DF18E41D6F51A700F9BEA8 /* bg_landing_top.png in Resources */,
				24BF63091D68D6CE00BB8164 /* Icon-App-60x60@2x.png in Resources */,
				24F0BDE71D6B7CBC00CC7FB6 /* Raleway-Thin.ttf in Resources */,
				24DF18ED1D6F51A700F9BEA8 /* saudi_aerbia.png in Resources */,
				24F0BDB11D6B7B2F00CC7FB6 /* 1242-x-2208.png in Resources */,
				24DF19071D6F51A700F9BEA8 /* qatar@3x.png in Resources */,
				24DF18E11D6F51A700F9BEA8 /* bahrin.png in Resources */,
				24F0BDE61D6B7CBC00CC7FB6 /* Raleway-SemiBoldItalic.ttf in Resources */,
				24DF18FE1D6F51A700F9BEA8 /* bg_landing@3x.png in Resources */,
				24DF18F91D6F51A700F9BEA8 /* qatar@2x.png in Resources */,
				24DF18EF1D6F51A700F9BEA8 /* bahrin@2x.png in Resources */,
				24BF63021D68D6CE00BB8164 /* Icon-App-29x29@1x.png in Resources */,
				24BF630C1D68D6CE00BB8164 /* Icon-App-76x76@2x.png in Resources */,
				24DF18E31D6F51A700F9BEA8 /* bg_landing_pop.png in Resources */,
				24F0BDDE1D6B7CBC00CC7FB6 /* Raleway-ExtraLightItalic.ttf in Resources */,
				24F0BDDB1D6B7CBC00CC7FB6 /* Raleway-ExtraBold.ttf in Resources */,
				24DF19011D6F51A700F9BEA8 /* btn_clack@3x.png in Resources */,
				24BF63111D68D6CE00BB8164 /* iTunesArtwork@3x.png in Resources */,
				24DF19061D6F51A700F9BEA8 /* oman@3x.png in Resources */,
				24F0BDCF1D6B7CBC00CC7FB6 /* DroidKufi-Bold.ttf in Resources */,
				24DF18EC1D6F51A700F9BEA8 /* right_arrow.png in Resources */,
				24F0BDB01D6B7B2F00CC7FB6 /* 750-x-1334.png in Resources */,
				24DF18EB1D6F51A700F9BEA8 /* qatar.png in Resources */,
				24BF63101D68D6CE00BB8164 /* iTunesArtwork@2x.png in Resources */,
				24BF63071D68D6CE00BB8164 /* Icon-App-40x40@3x.png in Resources */,
				24F0BDDD1D6B7CBC00CC7FB6 /* Raleway-ExtraLight.ttf in Resources */,
				24F0BDD51D6B7CBC00CC7FB6 /* METADATA.pb in Resources */,
				24DF18E61D6F51A700F9BEA8 /* dubai.png in Resources */,
				24DF190A1D6F51A700F9BEA8 /* seprator@3x.png in Resources */,
				24F0BDD31D6B7CBC00CC7FB6 /* DESCRIPTION.en_us.html in Resources */,
				24F0BDAD1D6B7B2F00CC7FB6 /* 320-x-480.png in Resources */,
				24DF19001D6F51A700F9BEA8 /* bg_landing_top@3x.png in Resources */,
				24F0BDD71D6B7CBC00CC7FB6 /* Raleway-Black.ttf in Resources */,
				24F0BDD01D6B7CBC00CC7FB6 /* DroidKufi-Regular.ttf in Resources */,
				24DF18F21D6F51A700F9BEA8 /* bg_landing_top@2x.png in Resources */,
				24DF19081D6F51A700F9BEA8 /* right_arrow@3x.png in Resources */,
				24DF18F71D6F51A700F9BEA8 /* logo_arabic@2x.png in Resources */,
				24BF63061D68D6CE00BB8164 /* Icon-App-40x40@2x.png in Resources */,
				24F0BDD21D6B7CBC00CC7FB6 /* DroidNaskh-Regular.ttf in Resources */,
				24DF18F11D6F51A700F9BEA8 /* bg_landing_pop@2x.png in Resources */,
				24DF19051D6F51A700F9BEA8 /* logo_arabic@3x.png in Resources */,
				24F0BDE01D6B7CBC00CC7FB6 /* Raleway-Light.ttf in Resources */,
				24DF18E71D6F51A700F9BEA8 /* kuwait.png in Resources */,
				24DF18F61D6F51A700F9BEA8 /* landing_bottom@2x.png in Resources */,
				24BF630E1D68D6CE00BB8164 /* Icon-App-83.5x83.5@2x.png in Resources */,
				24DF18E91D6F51A700F9BEA8 /* logo_arabic.png in Resources */,
				24DF18F81D6F51A700F9BEA8 /* oman@2x.png in Resources */,
				24BF63041D68D6CE00BB8164 /* Icon-App-29x29@3x.png in Resources */,
				24DF18FF1D6F51A700F9BEA8 /* bg_landing_pop@3x.png in Resources */,
			);
			runOnlyForDeploymentPostprocessing = 0;
		};
/* End PBXResourcesBuildPhase section */

/* Begin PBXSourcesBuildPhase section */
		24BF62D11D68D25D00BB8164 /* Sources */ = {
			isa = PBXSourcesBuildPhase;
			buildActionMask = 2147483647;
			files = (
				24BF63121D68D6CE00BB8164 /* README.md in Sources */,
				24F0BDA51D6B72CD00CC7FB6 /* LandingViewController.swift in Sources */,
				24BF62D91D68D25D00BB8164 /* AppDelegate.swift in Sources */,
			);
			runOnlyForDeploymentPostprocessing = 0;
		};
/* End PBXSourcesBuildPhase section */

/* Begin PBXVariantGroup section */
		24BF62E11D68D25D00BB8164 /* LaunchScreen.storyboard */ = {
			isa = PBXVariantGroup;
			children = (
				24BF62E21D68D25D00BB8164 /* Base */,
			);
			name = LaunchScreen.storyboard;
			sourceTree = "<group>";
		};
/* End PBXVariantGroup section */

/* Begin XCBuildConfiguration section */
		24BF62E51D68D25D00BB8164 /* Debug */ = {
			isa = XCBuildConfiguration;
			buildSettings = {
				ALWAYS_SEARCH_USER_PATHS = NO;
				CLANG_ANALYZER_NONNULL = YES;
				CLANG_CXX_LANGUAGE_STANDARD = "gnu++0x";
				CLANG_CXX_LIBRARY = "libc++";
				CLANG_ENABLE_MODULES = YES;
				CLANG_ENABLE_OBJC_ARC = YES;
				CLANG_WARN_BOOL_CONVERSION = YES;
				CLANG_WARN_CONSTANT_CONVERSION = YES;
				CLANG_WARN_DIRECT_OBJC_ISA_USAGE = YES_ERROR;
				CLANG_WARN_EMPTY_BODY = YES;
				CLANG_WARN_ENUM_CONVERSION = YES;
				CLANG_WARN_INT_CONVERSION = YES;
				CLANG_WARN_OBJC_ROOT_CLASS = YES_ERROR;
				CLANG_WARN_UNREACHABLE_CODE = YES;
				CLANG_WARN__DUPLICATE_METHOD_MATCH = YES;
				CODE_SIGN_IDENTITY = "iPhone Distribution: Njoom Arena (ZV6HRG4KHH)";
				"CODE_SIGN_IDENTITY[sdk=iphoneos*]" = "iPhone Distribution: Njoom Arena (ZV6HRG4KHH)";
				COPY_PHASE_STRIP = NO;
				DEBUG_INFORMATION_FORMAT = dwarf;
				ENABLE_STRICT_OBJC_MSGSEND = YES;
				ENABLE_TESTABILITY = YES;
				GCC_C_LANGUAGE_STANDARD = gnu99;
				GCC_DYNAMIC_NO_PIC = NO;
				GCC_NO_COMMON_BLOCKS = YES;
				GCC_OPTIMIZATION_LEVEL = 0;
				GCC_PREPROCESSOR_DEFINITIONS = (
					"DEBUG=1",
					"$(inherited)",
				);
				GCC_WARN_64_TO_32_BIT_CONVERSION = YES;
				GCC_WARN_ABOUT_RETURN_TYPE = YES_ERROR;
				GCC_WARN_UNDECLARED_SELECTOR = YES;
				GCC_WARN_UNINITIALIZED_AUTOS = YES_AGGRESSIVE;
				GCC_WARN_UNUSED_FUNCTION = YES;
				GCC_WARN_UNUSED_VARIABLE = YES;
				IPHONEOS_DEPLOYMENT_TARGET = 8.0;
				MTL_ENABLE_DEBUG_INFO = YES;
				ONLY_ACTIVE_ARCH = YES;
				PROVISIONING_PROFILE = "8449394c-3193-48f8-88c8-a21cc052e457";
				SDKROOT = iphoneos;
				SWIFT_OPTIMIZATION_LEVEL = "-Onone";
			};
			name = Debug;
		};
		24BF62E61D68D25D00BB8164 /* Release */ = {
			isa = XCBuildConfiguration;
			buildSettings = {
				ALWAYS_SEARCH_USER_PATHS = NO;
				CLANG_ANALYZER_NONNULL = YES;
				CLANG_CXX_LANGUAGE_STANDARD = "gnu++0x";
				CLANG_CXX_LIBRARY = "libc++";
				CLANG_ENABLE_MODULES = YES;
				CLANG_ENABLE_OBJC_ARC = YES;
				CLANG_WARN_BOOL_CONVERSION = YES;
				CLANG_WARN_CONSTANT_CONVERSION = YES;
				CLANG_WARN_DIRECT_OBJC_ISA_USAGE = YES_ERROR;
				CLANG_WARN_EMPTY_BODY = YES;
				CLANG_WARN_ENUM_CONVERSION = YES;
				CLANG_WARN_INT_CONVERSION = YES;
				CLANG_WARN_OBJC_ROOT_CLASS = YES_ERROR;
				CLANG_WARN_UNREACHABLE_CODE = YES;
				CLANG_WARN__DUPLICATE_METHOD_MATCH = YES;
				CODE_SIGN_IDENTITY = "iPhone Distribution: Njoom Arena (ZV6HRG4KHH)";
				"CODE_SIGN_IDENTITY[sdk=iphoneos*]" = "iPhone Distribution: Njoom Arena (ZV6HRG4KHH)";
				COPY_PHASE_STRIP = NO;
				DEBUG_INFORMATION_FORMAT = "dwarf-with-dsym";
				ENABLE_NS_ASSERTIONS = NO;
				ENABLE_STRICT_OBJC_MSGSEND = YES;
				GCC_C_LANGUAGE_STANDARD = gnu99;
				GCC_NO_COMMON_BLOCKS = YES;
				GCC_WARN_64_TO_32_BIT_CONVERSION = YES;
				GCC_WARN_ABOUT_RETURN_TYPE = YES_ERROR;
				GCC_WARN_UNDECLARED_SELECTOR = YES;
				GCC_WARN_UNINITIALIZED_AUTOS = YES_AGGRESSIVE;
				GCC_WARN_UNUSED_FUNCTION = YES;
				GCC_WARN_UNUSED_VARIABLE = YES;
				IPHONEOS_DEPLOYMENT_TARGET = 8.0;
				MTL_ENABLE_DEBUG_INFO = NO;
				PROVISIONING_PROFILE = "8449394c-3193-48f8-88c8-a21cc052e457";
				SDKROOT = iphoneos;
				VALIDATE_PRODUCT = YES;
			};
			name = Release;
		};
		24BF62E81D68D25D00BB8164 /* Debug */ = {
			isa = XCBuildConfiguration;
			buildSettings = {
				ASSETCATALOG_COMPILER_APPICON_NAME = AppIcon;
				CODE_SIGN_IDENTITY = "iPhone Distribution: Njoom Arena (ZV6HRG4KHH)";
				"CODE_SIGN_IDENTITY[sdk=iphoneos*]" = "iPhone Distribution: Njoom Arena (ZV6HRG4KHH)";
				INFOPLIST_FILE = Shy7lo/Info.plist;
				IPHONEOS_DEPLOYMENT_TARGET = 8.0;
				LD_RUNPATH_SEARCH_PATHS = "$(inherited) @executable_path/Frameworks";
				PRODUCT_BUNDLE_IDENTIFIER = com.shy7lo.shy7lo;
				PRODUCT_NAME = "$(TARGET_NAME)";
				PROVISIONING_PROFILE = "8449394c-3193-48f8-88c8-a21cc052e457";
			};
			name = Debug;
		};
		24BF62E91D68D25D00BB8164 /* Release */ = {
			isa = XCBuildConfiguration;
			buildSettings = {
				ASSETCATALOG_COMPILER_APPICON_NAME = AppIcon;
				CODE_SIGN_IDENTITY = "iPhone Distribution: Njoom Arena (ZV6HRG4KHH)";
				"CODE_SIGN_IDENTITY[sdk=iphoneos*]" = "iPhone Distribution: Njoom Arena (ZV6HRG4KHH)";
				INFOPLIST_FILE = Shy7lo/Info.plist;
				IPHONEOS_DEPLOYMENT_TARGET = 8.0;
				LD_RUNPATH_SEARCH_PATHS = "$(inherited) @executable_path/Frameworks";
				PRODUCT_BUNDLE_IDENTIFIER = com.shy7lo.shy7lo;
				PRODUCT_NAME = "$(TARGET_NAME)";
				PROVISIONING_PROFILE = "8449394c-3193-48f8-88c8-a21cc052e457";
			};
			name = Release;
		};
/* End XCBuildConfiguration section */

/* Begin XCConfigurationList section */
		24BF62D01D68D25D00BB8164 /* Build configuration list for PBXProject "Shy7lo" */ = {
			isa = XCConfigurationList;
			buildConfigurations = (
				24BF62E51D68D25D00BB8164 /* Debug */,
				24BF62E61D68D25D00BB8164 /* Release */,
			);
			defaultConfigurationIsVisible = 0;
			defaultConfigurationName = Release;
		};
		24BF62E71D68D25D00BB8164 /* Build configuration list for PBXNativeTarget "Shy7lo" */ = {
			isa = XCConfigurationList;
			buildConfigurations = (
				24BF62E81D68D25D00BB8164 /* Debug */,
				24BF62E91D68D25D00BB8164 /* Release */,
			);
			defaultConfigurationIsVisible = 0;
			defaultConfigurationName = Release;
		};
/* End XCConfigurationList section */
	};
	rootObject = 24BF62CD1D68D25D00BB8164 /* Project object */;
}
