// !$*UTF8*$!
{
	archiveVersion = 1;
	classes = {
	};
	objectVersion = 46;
	objects = {

/* Begin PBXBuildFile section */
		2495FCE91D74C7DE0093387B /* backGround@3x.png in Resources */ = {isa = PBXBuildFile; fileRef = 2495FCE81D74C7DE0093387B /* backGround@3x.png */; };
		2495FCEB1D74C7EC0093387B /* backGround@2x.png in Resources */ = {isa = PBXBuildFile; fileRef = 2495FCEA1D74C7EC0093387B /* backGround@2x.png */; };
		2495FCED1D74C7FB0093387B /* backGround.png in Resources */ = {isa = PBXBuildFile; fileRef = 2495FCEC1D74C7FB0093387B /* backGround.png */; };
		24BF62D91D68D25D00BB8164 /* AppDelegate.swift in Sources */ = {isa = PBXBuildFile; fileRef = 24BF62D81D68D25D00BB8164 /* AppDelegate.swift */; };
		24BF62E01D68D25D00BB8164 /* Assets.xcassets in Resources */ = {isa = PBXBuildFile; fileRef = 24BF62DF1D68D25D00BB8164 /* Assets.xcassets */; };
		24BF62E31D68D25D00BB8164 /* LaunchScreen.storyboard in Resources */ = {isa = PBXBuildFile; fileRef = 24BF62E11D68D25D00BB8164 /* LaunchScreen.storyboard */; };
		24DC61061D75F18A00AE9DB2 /* DGRunkeeperSwitch.swift in Sources */ = {isa = PBXBuildFile; fileRef = 24DC61051D75F18A00AE9DB2 /* DGRunkeeperSwitch.swift */; };
		24DC610E1D7607E900AE9DB2 /* saudi_aerbia_selected@3x.png in Resources */ = {isa = PBXBuildFile; fileRef = 24DC610D1D7607E900AE9DB2 /* saudi_aerbia_selected@3x.png */; };
		24DC61101D7607F000AE9DB2 /* saudi_aerbia_selected@2x.png in Resources */ = {isa = PBXBuildFile; fileRef = 24DC610F1D7607F000AE9DB2 /* saudi_aerbia_selected@2x.png */; };
		24DC61121D7607F700AE9DB2 /* saudi_aerbia_selected.png in Resources */ = {isa = PBXBuildFile; fileRef = 24DC61111D7607F700AE9DB2 /* saudi_aerbia_selected.png */; };
		24DC61141D7608DF00AE9DB2 /* qatar_selected.png in Resources */ = {isa = PBXBuildFile; fileRef = 24DC61131D7608DF00AE9DB2 /* qatar_selected.png */; };
		24DC61161D7608E800AE9DB2 /* qatar_selected@2x.png in Resources */ = {isa = PBXBuildFile; fileRef = 24DC61151D7608E800AE9DB2 /* qatar_selected@2x.png */; };
		24DC61181D7608F200AE9DB2 /* qatar_selected@3x.png in Resources */ = {isa = PBXBuildFile; fileRef = 24DC61171D7608F200AE9DB2 /* qatar_selected@3x.png */; };
		24DC611A1D760A0E00AE9DB2 /* dubai_selected.png in Resources */ = {isa = PBXBuildFile; fileRef = 24DC61191D760A0E00AE9DB2 /* dubai_selected.png */; };
		24DC611C1D760A1500AE9DB2 /* dubai_selected@2x.png in Resources */ = {isa = PBXBuildFile; fileRef = 24DC611B1D760A1500AE9DB2 /* dubai_selected@2x.png */; };
		24DC611E1D760A1C00AE9DB2 /* dubai_selected@3x.png in Resources */ = {isa = PBXBuildFile; fileRef = 24DC611D1D760A1C00AE9DB2 /* dubai_selected@3x.png */; };
		24DC61201D760A6A00AE9DB2 /* oman_selected.png in Resources */ = {isa = PBXBuildFile; fileRef = 24DC611F1D760A6A00AE9DB2 /* oman_selected.png */; };
		24DC61221D760A7100AE9DB2 /* oman_selected@2x.png in Resources */ = {isa = PBXBuildFile; fileRef = 24DC61211D760A7100AE9DB2 /* oman_selected@2x.png */; };
		24DC61241D760A7A00AE9DB2 /* oman_selected@3x.png in Resources */ = {isa = PBXBuildFile; fileRef = 24DC61231D760A7A00AE9DB2 /* oman_selected@3x.png */; };
		24DC61261D760B3100AE9DB2 /* kuwait_selected.png in Resources */ = {isa = PBXBuildFile; fileRef = 24DC61251D760B3100AE9DB2 /* kuwait_selected.png */; };
		24DC61281D760B3900AE9DB2 /* kuwait_selected@2x.png in Resources */ = {isa = PBXBuildFile; fileRef = 24DC61271D760B3900AE9DB2 /* kuwait_selected@2x.png */; };
		24DC612A1D760B4000AE9DB2 /* kuwait_selected@3x.png in Resources */ = {isa = PBXBuildFile; fileRef = 24DC61291D760B4000AE9DB2 /* kuwait_selected@3x.png */; };
		24DC612C1D760B7500AE9DB2 /* bahrin_selected.png in Resources */ = {isa = PBXBuildFile; fileRef = 24DC612B1D760B7500AE9DB2 /* bahrin_selected.png */; };
		24DC612E1D760B7C00AE9DB2 /* bahrin_selected@2x.png in Resources */ = {isa = PBXBuildFile; fileRef = 24DC612D1D760B7C00AE9DB2 /* bahrin_selected@2x.png */; };
		24DC61301D760B8400AE9DB2 /* bahrin_selected@3x.png in Resources */ = {isa = PBXBuildFile; fileRef = 24DC612F1D760B8400AE9DB2 /* bahrin_selected@3x.png */; };
		24E3DE101D720B8B00707F69 /* LandingViewController.swift in Sources */ = {isa = PBXBuildFile; fileRef = 24E3DE0D1D720B8B00707F69 /* LandingViewController.swift */; };
		24E3DE111D720B8B00707F69 /* LandingViewController.xib in Resources */ = {isa = PBXBuildFile; fileRef = 24E3DE0E1D720B8B00707F69 /* LandingViewController.xib */; };
		24E3DE121D720B8B00707F69 /* LandingViewController_iPad.xib in Resources */ = {isa = PBXBuildFile; fileRef = 24E3DE0F1D720B8B00707F69 /* LandingViewController_iPad.xib */; };
		24E3DE7D1D720BB800707F69 /* DroidKufi-Bold.ttf in Resources */ = {isa = PBXBuildFile; fileRef = 24E3DE161D720BB800707F69 /* DroidKufi-Bold.ttf */; };
		24E3DE7E1D720BB800707F69 /* DroidKufi-Regular.ttf in Resources */ = {isa = PBXBuildFile; fileRef = 24E3DE171D720BB800707F69 /* DroidKufi-Regular.ttf */; };
		24E3DE7F1D720BB800707F69 /* DroidNaskh-Bold.ttf in Resources */ = {isa = PBXBuildFile; fileRef = 24E3DE181D720BB800707F69 /* DroidNaskh-Bold.ttf */; };
		24E3DE801D720BB800707F69 /* DroidNaskh-Regular.ttf in Resources */ = {isa = PBXBuildFile; fileRef = 24E3DE191D720BB800707F69 /* DroidNaskh-Regular.ttf */; };
		24E3DE811D720BB800707F69 /* DESCRIPTION.en_us.html in Resources */ = {isa = PBXBuildFile; fileRef = 24E3DE1B1D720BB800707F69 /* DESCRIPTION.en_us.html */; };
		24E3DE821D720BB800707F69 /* FONTLOG.txt in Resources */ = {isa = PBXBuildFile; fileRef = 24E3DE1C1D720BB800707F69 /* FONTLOG.txt */; };
		24E3DE831D720BB800707F69 /* METADATA.pb in Resources */ = {isa = PBXBuildFile; fileRef = 24E3DE1D1D720BB800707F69 /* METADATA.pb */; };
		24E3DE841D720BB800707F69 /* OFL.txt in Resources */ = {isa = PBXBuildFile; fileRef = 24E3DE1E1D720BB800707F69 /* OFL.txt */; };
		24E3DE851D720BB800707F69 /* Raleway-Black.ttf in Resources */ = {isa = PBXBuildFile; fileRef = 24E3DE1F1D720BB800707F69 /* Raleway-Black.ttf */; };
		24E3DE861D720BB800707F69 /* Raleway-BlackItalic.ttf in Resources */ = {isa = PBXBuildFile; fileRef = 24E3DE201D720BB800707F69 /* Raleway-BlackItalic.ttf */; };
		24E3DE871D720BB800707F69 /* Raleway-Bold.ttf in Resources */ = {isa = PBXBuildFile; fileRef = 24E3DE211D720BB800707F69 /* Raleway-Bold.ttf */; };
		24E3DE881D720BB800707F69 /* Raleway-BoldItalic.ttf in Resources */ = {isa = PBXBuildFile; fileRef = 24E3DE221D720BB800707F69 /* Raleway-BoldItalic.ttf */; };
		24E3DE891D720BB800707F69 /* Raleway-ExtraBold.ttf in Resources */ = {isa = PBXBuildFile; fileRef = 24E3DE231D720BB800707F69 /* Raleway-ExtraBold.ttf */; };
		24E3DE8A1D720BB800707F69 /* Raleway-ExtraBoldItalic.ttf in Resources */ = {isa = PBXBuildFile; fileRef = 24E3DE241D720BB800707F69 /* Raleway-ExtraBoldItalic.ttf */; };
		24E3DE8B1D720BB800707F69 /* Raleway-ExtraLight.ttf in Resources */ = {isa = PBXBuildFile; fileRef = 24E3DE251D720BB800707F69 /* Raleway-ExtraLight.ttf */; };
		24E3DE8C1D720BB800707F69 /* Raleway-ExtraLightItalic.ttf in Resources */ = {isa = PBXBuildFile; fileRef = 24E3DE261D720BB800707F69 /* Raleway-ExtraLightItalic.ttf */; };
		24E3DE8D1D720BB800707F69 /* Raleway-Italic.ttf in Resources */ = {isa = PBXBuildFile; fileRef = 24E3DE271D720BB800707F69 /* Raleway-Italic.ttf */; };
		24E3DE8E1D720BB800707F69 /* Raleway-Light.ttf in Resources */ = {isa = PBXBuildFile; fileRef = 24E3DE281D720BB800707F69 /* Raleway-Light.ttf */; };
		24E3DE8F1D720BB800707F69 /* Raleway-LightItalic.ttf in Resources */ = {isa = PBXBuildFile; fileRef = 24E3DE291D720BB800707F69 /* Raleway-LightItalic.ttf */; };
		24E3DE901D720BB800707F69 /* Raleway-Medium.ttf in Resources */ = {isa = PBXBuildFile; fileRef = 24E3DE2A1D720BB800707F69 /* Raleway-Medium.ttf */; };
		24E3DE911D720BB800707F69 /* Raleway-MediumItalic.ttf in Resources */ = {isa = PBXBuildFile; fileRef = 24E3DE2B1D720BB800707F69 /* Raleway-MediumItalic.ttf */; };
		24E3DE921D720BB800707F69 /* Raleway-Regular.ttf in Resources */ = {isa = PBXBuildFile; fileRef = 24E3DE2C1D720BB800707F69 /* Raleway-Regular.ttf */; };
		24E3DE931D720BB800707F69 /* Raleway-SemiBold.ttf in Resources */ = {isa = PBXBuildFile; fileRef = 24E3DE2D1D720BB800707F69 /* Raleway-SemiBold.ttf */; };
		24E3DE941D720BB800707F69 /* Raleway-SemiBoldItalic.ttf in Resources */ = {isa = PBXBuildFile; fileRef = 24E3DE2E1D720BB800707F69 /* Raleway-SemiBoldItalic.ttf */; };
		24E3DE951D720BB800707F69 /* Raleway-Thin.ttf in Resources */ = {isa = PBXBuildFile; fileRef = 24E3DE2F1D720BB800707F69 /* Raleway-Thin.ttf */; };
		24E3DE961D720BB800707F69 /* Raleway-ThinItalic.ttf in Resources */ = {isa = PBXBuildFile; fileRef = 24E3DE301D720BB800707F69 /* Raleway-ThinItalic.ttf */; };
		24E3DE971D720BB800707F69 /* Contents.json in Resources */ = {isa = PBXBuildFile; fileRef = 24E3DE341D720BB800707F69 /* Contents.json */; };
		24E3DE981D720BB800707F69 /* Icon-App-29x29@1x.png in Resources */ = {isa = PBXBuildFile; fileRef = 24E3DE351D720BB800707F69 /* Icon-App-29x29@1x.png */; };
		24E3DE991D720BB800707F69 /* Icon-App-29x29@2x.png in Resources */ = {isa = PBXBuildFile; fileRef = 24E3DE361D720BB800707F69 /* Icon-App-29x29@2x.png */; };
		24E3DE9A1D720BB800707F69 /* Icon-App-29x29@3x.png in Resources */ = {isa = PBXBuildFile; fileRef = 24E3DE371D720BB800707F69 /* Icon-App-29x29@3x.png */; };
		24E3DE9B1D720BB800707F69 /* Icon-App-40x40@1x.png in Resources */ = {isa = PBXBuildFile; fileRef = 24E3DE381D720BB800707F69 /* Icon-App-40x40@1x.png */; };
		24E3DE9C1D720BB800707F69 /* Icon-App-40x40@2x.png in Resources */ = {isa = PBXBuildFile; fileRef = 24E3DE391D720BB800707F69 /* Icon-App-40x40@2x.png */; };
		24E3DE9D1D720BB800707F69 /* Icon-App-40x40@3x.png in Resources */ = {isa = PBXBuildFile; fileRef = 24E3DE3A1D720BB800707F69 /* Icon-App-40x40@3x.png */; };
		24E3DE9E1D720BB800707F69 /* Icon-App-60x60@1x.png in Resources */ = {isa = PBXBuildFile; fileRef = 24E3DE3B1D720BB800707F69 /* Icon-App-60x60@1x.png */; };
		24E3DE9F1D720BB800707F69 /* Icon-App-60x60@2x.png in Resources */ = {isa = PBXBuildFile; fileRef = 24E3DE3C1D720BB800707F69 /* Icon-App-60x60@2x.png */; };
		24E3DEA01D720BB800707F69 /* Icon-App-60x60@3x.png in Resources */ = {isa = PBXBuildFile; fileRef = 24E3DE3D1D720BB800707F69 /* Icon-App-60x60@3x.png */; };
		24E3DEA11D720BB800707F69 /* Icon-App-76x76@1x.png in Resources */ = {isa = PBXBuildFile; fileRef = 24E3DE3E1D720BB800707F69 /* Icon-App-76x76@1x.png */; };
		24E3DEA21D720BB800707F69 /* Icon-App-76x76@2x.png in Resources */ = {isa = PBXBuildFile; fileRef = 24E3DE3F1D720BB800707F69 /* Icon-App-76x76@2x.png */; };
		24E3DEA31D720BB800707F69 /* Icon-App-76x76@3x.png in Resources */ = {isa = PBXBuildFile; fileRef = 24E3DE401D720BB800707F69 /* Icon-App-76x76@3x.png */; };
		24E3DEA41D720BB800707F69 /* Icon-App-83.5x83.5@2x.png in Resources */ = {isa = PBXBuildFile; fileRef = 24E3DE411D720BB800707F69 /* Icon-App-83.5x83.5@2x.png */; };
		24E3DEA51D720BB800707F69 /* iTunesArtwork@1x.png in Resources */ = {isa = PBXBuildFile; fileRef = 24E3DE421D720BB800707F69 /* iTunesArtwork@1x.png */; };
		24E3DEA61D720BB800707F69 /* iTunesArtwork@2x.png in Resources */ = {isa = PBXBuildFile; fileRef = 24E3DE431D720BB800707F69 /* iTunesArtwork@2x.png */; };
		24E3DEA71D720BB800707F69 /* iTunesArtwork@3x.png in Resources */ = {isa = PBXBuildFile; fileRef = 24E3DE441D720BB800707F69 /* iTunesArtwork@3x.png */; };
		24E3DEA81D720BB800707F69 /* README.md in Sources */ = {isa = PBXBuildFile; fileRef = 24E3DE451D720BB800707F69 /* README.md */; };
		24E3DEA91D720BB800707F69 /* bahrin.png in Resources */ = {isa = PBXBuildFile; fileRef = 24E3DE481D720BB800707F69 /* bahrin.png */; };
		24E3DEAA1D720BB800707F69 /* bg_landing.png in Resources */ = {isa = PBXBuildFile; fileRef = 24E3DE491D720BB800707F69 /* bg_landing.png */; };
		24E3DEAB1D720BB800707F69 /* bg_landing_pop.png in Resources */ = {isa = PBXBuildFile; fileRef = 24E3DE4A1D720BB800707F69 /* bg_landing_pop.png */; };
		24E3DEAC1D720BB800707F69 /* bg_landing_top.png in Resources */ = {isa = PBXBuildFile; fileRef = 24E3DE4B1D720BB800707F69 /* bg_landing_top.png */; };
		24E3DEAD1D720BB800707F69 /* btn_clack.png in Resources */ = {isa = PBXBuildFile; fileRef = 24E3DE4C1D720BB800707F69 /* btn_clack.png */; };
		24E3DEAE1D720BB800707F69 /* dubai.png in Resources */ = {isa = PBXBuildFile; fileRef = 24E3DE4D1D720BB800707F69 /* dubai.png */; };
		24E3DEAF1D720BB800707F69 /* kuwait.png in Resources */ = {isa = PBXBuildFile; fileRef = 24E3DE4E1D720BB800707F69 /* kuwait.png */; };
		24E3DEB01D720BB800707F69 /* landing_bottom.png in Resources */ = {isa = PBXBuildFile; fileRef = 24E3DE4F1D720BB800707F69 /* landing_bottom.png */; };
		24E3DEB11D720BB800707F69 /* logo_arabic.png in Resources */ = {isa = PBXBuildFile; fileRef = 24E3DE501D720BB800707F69 /* logo_arabic.png */; };
		24E3DEB21D720BB800707F69 /* oman.png in Resources */ = {isa = PBXBuildFile; fileRef = 24E3DE511D720BB800707F69 /* oman.png */; };
		24E3DEB31D720BB800707F69 /* qatar.png in Resources */ = {isa = PBXBuildFile; fileRef = 24E3DE521D720BB800707F69 /* qatar.png */; };
		24E3DEB41D720BB800707F69 /* right_arrow.png in Resources */ = {isa = PBXBuildFile; fileRef = 24E3DE531D720BB800707F69 /* right_arrow.png */; };
		24E3DEB51D720BB800707F69 /* saudi_aerbia.png in Resources */ = {isa = PBXBuildFile; fileRef = 24E3DE541D720BB800707F69 /* saudi_aerbia.png */; };
		24E3DEB61D720BB800707F69 /* seprator.png in Resources */ = {isa = PBXBuildFile; fileRef = 24E3DE551D720BB800707F69 /* seprator.png */; };
		24E3DEB71D720BB800707F69 /* bahrin@2x.png in Resources */ = {isa = PBXBuildFile; fileRef = 24E3DE571D720BB800707F69 /* bahrin@2x.png */; };
		24E3DEB81D720BB800707F69 /* bg_landing@2x.png in Resources */ = {isa = PBXBuildFile; fileRef = 24E3DE581D720BB800707F69 /* bg_landing@2x.png */; };
		24E3DEB91D720BB800707F69 /* bg_landing_pop@2x.png in Resources */ = {isa = PBXBuildFile; fileRef = 24E3DE591D720BB800707F69 /* bg_landing_pop@2x.png */; };
		24E3DEBA1D720BB800707F69 /* bg_landing_top@2x.png in Resources */ = {isa = PBXBuildFile; fileRef = 24E3DE5A1D720BB800707F69 /* bg_landing_top@2x.png */; };
		24E3DEBB1D720BB800707F69 /* btn_clack@2x.png in Resources */ = {isa = PBXBuildFile; fileRef = 24E3DE5B1D720BB800707F69 /* btn_clack@2x.png */; };
		24E3DEBC1D720BB800707F69 /* dubai@2x.png in Resources */ = {isa = PBXBuildFile; fileRef = 24E3DE5C1D720BB800707F69 /* dubai@2x.png */; };
		24E3DEBD1D720BB800707F69 /* kuwait@2x.png in Resources */ = {isa = PBXBuildFile; fileRef = 24E3DE5D1D720BB800707F69 /* kuwait@2x.png */; };
		24E3DEBE1D720BB800707F69 /* landing_bottom@2x.png in Resources */ = {isa = PBXBuildFile; fileRef = 24E3DE5E1D720BB800707F69 /* landing_bottom@2x.png */; };
		24E3DEBF1D720BB800707F69 /* logo_arabic@2x.png in Resources */ = {isa = PBXBuildFile; fileRef = 24E3DE5F1D720BB800707F69 /* logo_arabic@2x.png */; };
		24E3DEC01D720BB800707F69 /* oman@2x.png in Resources */ = {isa = PBXBuildFile; fileRef = 24E3DE601D720BB800707F69 /* oman@2x.png */; };
		24E3DEC11D720BB800707F69 /* qatar@2x.png in Resources */ = {isa = PBXBuildFile; fileRef = 24E3DE611D720BB800707F69 /* qatar@2x.png */; };
		24E3DEC21D720BB800707F69 /* right_arrow@2x.png in Resources */ = {isa = PBXBuildFile; fileRef = 24E3DE621D720BB800707F69 /* right_arrow@2x.png */; };
		24E3DEC31D720BB800707F69 /* saudi_aerbia@2x.png in Resources */ = {isa = PBXBuildFile; fileRef = 24E3DE631D720BB800707F69 /* saudi_aerbia@2x.png */; };
		24E3DEC41D720BB800707F69 /* seprator@2x.png in Resources */ = {isa = PBXBuildFile; fileRef = 24E3DE641D720BB800707F69 /* seprator@2x.png */; };
		24E3DEC51D720BB800707F69 /* bahrin@3x.png in Resources */ = {isa = PBXBuildFile; fileRef = 24E3DE661D720BB800707F69 /* bahrin@3x.png */; };
		24E3DEC61D720BB800707F69 /* bg_landing@3x.png in Resources */ = {isa = PBXBuildFile; fileRef = 24E3DE671D720BB800707F69 /* bg_landing@3x.png */; };
		24E3DEC71D720BB800707F69 /* bg_landing_pop@3x.png in Resources */ = {isa = PBXBuildFile; fileRef = 24E3DE681D720BB800707F69 /* bg_landing_pop@3x.png */; };
		24E3DEC81D720BB800707F69 /* bg_landing_top@3x.png in Resources */ = {isa = PBXBuildFile; fileRef = 24E3DE691D720BB800707F69 /* bg_landing_top@3x.png */; };
		24E3DEC91D720BB800707F69 /* btn_clack@3x.png in Resources */ = {isa = PBXBuildFile; fileRef = 24E3DE6A1D720BB800707F69 /* btn_clack@3x.png */; };
		24E3DECA1D720BB800707F69 /* dubai@3x.png in Resources */ = {isa = PBXBuildFile; fileRef = 24E3DE6B1D720BB800707F69 /* dubai@3x.png */; };
		24E3DECB1D720BB800707F69 /* kuwait@3x.png in Resources */ = {isa = PBXBuildFile; fileRef = 24E3DE6C1D720BB800707F69 /* kuwait@3x.png */; };
		24E3DECC1D720BB800707F69 /* landing_bottom@3x.png in Resources */ = {isa = PBXBuildFile; fileRef = 24E3DE6D1D720BB800707F69 /* landing_bottom@3x.png */; };
		24E3DECD1D720BB800707F69 /* logo_arabic@3x.png in Resources */ = {isa = PBXBuildFile; fileRef = 24E3DE6E1D720BB800707F69 /* logo_arabic@3x.png */; };
		24E3DECE1D720BB800707F69 /* oman@3x.png in Resources */ = {isa = PBXBuildFile; fileRef = 24E3DE6F1D720BB800707F69 /* oman@3x.png */; };
		24E3DECF1D720BB800707F69 /* qatar@3x.png in Resources */ = {isa = PBXBuildFile; fileRef = 24E3DE701D720BB800707F69 /* qatar@3x.png */; };
		24E3DED01D720BB800707F69 /* right_arrow@3x.png in Resources */ = {isa = PBXBuildFile; fileRef = 24E3DE711D720BB800707F69 /* right_arrow@3x.png */; };
		24E3DED11D720BB800707F69 /* saudi_aerbia@3x.png in Resources */ = {isa = PBXBuildFile; fileRef = 24E3DE721D720BB800707F69 /* saudi_aerbia@3x.png */; };
		24E3DED21D720BB800707F69 /* seprator@3x.png in Resources */ = {isa = PBXBuildFile; fileRef = 24E3DE731D720BB800707F69 /* seprator@3x.png */; };
		24E3DED31D720BB800707F69 /* 1242-x-2208.png in Resources */ = {isa = PBXBuildFile; fileRef = 24E3DE781D720BB800707F69 /* 1242-x-2208.png */; };
		24E3DED41D720BB800707F69 /* 320-x-480.png in Resources */ = {isa = PBXBuildFile; fileRef = 24E3DE791D720BB800707F69 /* 320-x-480.png */; };
		24E3DED51D720BB800707F69 /* 640-x-1136.png in Resources */ = {isa = PBXBuildFile; fileRef = 24E3DE7A1D720BB800707F69 /* 640-x-1136.png */; };
		24E3DED61D720BB800707F69 /* 640-x-960.png in Resources */ = {isa = PBXBuildFile; fileRef = 24E3DE7B1D720BB800707F69 /* 640-x-960.png */; };
		24E3DED71D720BB800707F69 /* 750-x-1334.png in Resources */ = {isa = PBXBuildFile; fileRef = 24E3DE7C1D720BB800707F69 /* 750-x-1334.png */; };
		24E3DED91D72106400707F69 /* 768-x-1024.png in Resources */ = {isa = PBXBuildFile; fileRef = 24E3DED81D72106400707F69 /* 768-x-1024.png */; };
		24E3DEDB1D72108500707F69 /* 1536-x-2048.png in Resources */ = {isa = PBXBuildFile; fileRef = 24E3DEDA1D72108500707F69 /* 1536-x-2048.png */; };
/* End PBXBuildFile section */

/* Begin PBXFileReference section */
		2495FCE81D74C7DE0093387B /* backGround@3x.png */ = {isa = PBXFileReference; lastKnownFileType = image.png; path = "backGround@3x.png"; sourceTree = "<group>"; };
		2495FCEA1D74C7EC0093387B /* backGround@2x.png */ = {isa = PBXFileReference; lastKnownFileType = image.png; path = "backGround@2x.png"; sourceTree = "<group>"; };
		2495FCEC1D74C7FB0093387B /* backGround.png */ = {isa = PBXFileReference; lastKnownFileType = image.png; path = backGround.png; sourceTree = "<group>"; };
		24BF62D51D68D25D00BB8164 /* Shy7lo.app */ = {isa = PBXFileReference; explicitFileType = wrapper.application; includeInIndex = 0; path = Shy7lo.app; sourceTree = BUILT_PRODUCTS_DIR; };
		24BF62D81D68D25D00BB8164 /* AppDelegate.swift */ = {isa = PBXFileReference; lastKnownFileType = sourcecode.swift; path = AppDelegate.swift; sourceTree = "<group>"; };
		24BF62DF1D68D25D00BB8164 /* Assets.xcassets */ = {isa = PBXFileReference; lastKnownFileType = folder.assetcatalog; path = Assets.xcassets; sourceTree = "<group>"; };
		24BF62E21D68D25D00BB8164 /* Base */ = {isa = PBXFileReference; lastKnownFileType = file.storyboard; name = Base; path = Base.lproj/LaunchScreen.storyboard; sourceTree = "<group>"; };
		24BF62E41D68D25D00BB8164 /* Info.plist */ = {isa = PBXFileReference; lastKnownFileType = text.plist.xml; path = Info.plist; sourceTree = "<group>"; };
		24DC61051D75F18A00AE9DB2 /* DGRunkeeperSwitch.swift */ = {isa = PBXFileReference; fileEncoding = 4; lastKnownFileType = sourcecode.swift; path = DGRunkeeperSwitch.swift; sourceTree = "<group>"; };
		24DC610D1D7607E900AE9DB2 /* saudi_aerbia_selected@3x.png */ = {isa = PBXFileReference; lastKnownFileType = image.png; path = "saudi_aerbia_selected@3x.png"; sourceTree = "<group>"; };
		24DC610F1D7607F000AE9DB2 /* saudi_aerbia_selected@2x.png */ = {isa = PBXFileReference; lastKnownFileType = image.png; path = "saudi_aerbia_selected@2x.png"; sourceTree = "<group>"; };
		24DC61111D7607F700AE9DB2 /* saudi_aerbia_selected.png */ = {isa = PBXFileReference; lastKnownFileType = image.png; path = saudi_aerbia_selected.png; sourceTree = "<group>"; };
		24DC61131D7608DF00AE9DB2 /* qatar_selected.png */ = {isa = PBXFileReference; lastKnownFileType = image.png; path = qatar_selected.png; sourceTree = "<group>"; };
		24DC61151D7608E800AE9DB2 /* qatar_selected@2x.png */ = {isa = PBXFileReference; lastKnownFileType = image.png; path = "qatar_selected@2x.png"; sourceTree = "<group>"; };
		24DC61171D7608F200AE9DB2 /* qatar_selected@3x.png */ = {isa = PBXFileReference; lastKnownFileType = image.png; path = "qatar_selected@3x.png"; sourceTree = "<group>"; };
		24DC61191D760A0E00AE9DB2 /* dubai_selected.png */ = {isa = PBXFileReference; lastKnownFileType = image.png; path = dubai_selected.png; sourceTree = "<group>"; };
		24DC611B1D760A1500AE9DB2 /* dubai_selected@2x.png */ = {isa = PBXFileReference; lastKnownFileType = image.png; path = "dubai_selected@2x.png"; sourceTree = "<group>"; };
		24DC611D1D760A1C00AE9DB2 /* dubai_selected@3x.png */ = {isa = PBXFileReference; lastKnownFileType = image.png; path = "dubai_selected@3x.png"; sourceTree = "<group>"; };
		24DC611F1D760A6A00AE9DB2 /* oman_selected.png */ = {isa = PBXFileReference; lastKnownFileType = image.png; path = oman_selected.png; sourceTree = "<group>"; };
		24DC61211D760A7100AE9DB2 /* oman_selected@2x.png */ = {isa = PBXFileReference; lastKnownFileType = image.png; path = "oman_selected@2x.png"; sourceTree = "<group>"; };
		24DC61231D760A7A00AE9DB2 /* oman_selected@3x.png */ = {isa = PBXFileReference; lastKnownFileType = image.png; path = "oman_selected@3x.png"; sourceTree = "<group>"; };
		24DC61251D760B3100AE9DB2 /* kuwait_selected.png */ = {isa = PBXFileReference; lastKnownFileType = image.png; path = kuwait_selected.png; sourceTree = "<group>"; };
		24DC61271D760B3900AE9DB2 /* kuwait_selected@2x.png */ = {isa = PBXFileReference; lastKnownFileType = image.png; path = "kuwait_selected@2x.png"; sourceTree = "<group>"; };
		24DC61291D760B4000AE9DB2 /* kuwait_selected@3x.png */ = {isa = PBXFileReference; lastKnownFileType = image.png; path = "kuwait_selected@3x.png"; sourceTree = "<group>"; };
		24DC612B1D760B7500AE9DB2 /* bahrin_selected.png */ = {isa = PBXFileReference; lastKnownFileType = image.png; path = bahrin_selected.png; sourceTree = "<group>"; };
		24DC612D1D760B7C00AE9DB2 /* bahrin_selected@2x.png */ = {isa = PBXFileReference; lastKnownFileType = image.png; path = "bahrin_selected@2x.png"; sourceTree = "<group>"; };
		24DC612F1D760B8400AE9DB2 /* bahrin_selected@3x.png */ = {isa = PBXFileReference; lastKnownFileType = image.png; path = "bahrin_selected@3x.png"; sourceTree = "<group>"; };
		24E3DE0D1D720B8B00707F69 /* LandingViewController.swift */ = {isa = PBXFileReference; fileEncoding = 4; lastKnownFileType = sourcecode.swift; path = LandingViewController.swift; sourceTree = "<group>"; };
		24E3DE0E1D720B8B00707F69 /* LandingViewController.xib */ = {isa = PBXFileReference; fileEncoding = 4; lastKnownFileType = file.xib; path = LandingViewController.xib; sourceTree = "<group>"; };
		24E3DE0F1D720B8B00707F69 /* LandingViewController_iPad.xib */ = {isa = PBXFileReference; fileEncoding = 4; lastKnownFileType = file.xib; path = LandingViewController_iPad.xib; sourceTree = "<group>"; };
		24E3DE161D720BB800707F69 /* DroidKufi-Bold.ttf */ = {isa = PBXFileReference; lastKnownFileType = file; path = "DroidKufi-Bold.ttf"; sourceTree = "<group>"; };
		24E3DE171D720BB800707F69 /* DroidKufi-Regular.ttf */ = {isa = PBXFileReference; lastKnownFileType = file; path = "DroidKufi-Regular.ttf"; sourceTree = "<group>"; };
		24E3DE181D720BB800707F69 /* DroidNaskh-Bold.ttf */ = {isa = PBXFileReference; lastKnownFileType = file; path = "DroidNaskh-Bold.ttf"; sourceTree = "<group>"; };
		24E3DE191D720BB800707F69 /* DroidNaskh-Regular.ttf */ = {isa = PBXFileReference; lastKnownFileType = file; path = "DroidNaskh-Regular.ttf"; sourceTree = "<group>"; };
		24E3DE1B1D720BB800707F69 /* DESCRIPTION.en_us.html */ = {isa = PBXFileReference; fileEncoding = 4; lastKnownFileType = text.html; path = DESCRIPTION.en_us.html; sourceTree = "<group>"; };
		24E3DE1C1D720BB800707F69 /* FONTLOG.txt */ = {isa = PBXFileReference; fileEncoding = 4; lastKnownFileType = text; path = FONTLOG.txt; sourceTree = "<group>"; };
		24E3DE1D1D720BB800707F69 /* METADATA.pb */ = {isa = PBXFileReference; fileEncoding = 4; lastKnownFileType = text; path = METADATA.pb; sourceTree = "<group>"; };
		24E3DE1E1D720BB800707F69 /* OFL.txt */ = {isa = PBXFileReference; fileEncoding = 4; lastKnownFileType = text; path = OFL.txt; sourceTree = "<group>"; };
		24E3DE1F1D720BB800707F69 /* Raleway-Black.ttf */ = {isa = PBXFileReference; lastKnownFileType = file; path = "Raleway-Black.ttf"; sourceTree = "<group>"; };
		24E3DE201D720BB800707F69 /* Raleway-BlackItalic.ttf */ = {isa = PBXFileReference; lastKnownFileType = file; path = "Raleway-BlackItalic.ttf"; sourceTree = "<group>"; };
		24E3DE211D720BB800707F69 /* Raleway-Bold.ttf */ = {isa = PBXFileReference; lastKnownFileType = file; path = "Raleway-Bold.ttf"; sourceTree = "<group>"; };
		24E3DE221D720BB800707F69 /* Raleway-BoldItalic.ttf */ = {isa = PBXFileReference; lastKnownFileType = file; path = "Raleway-BoldItalic.ttf"; sourceTree = "<group>"; };
		24E3DE231D720BB800707F69 /* Raleway-ExtraBold.ttf */ = {isa = PBXFileReference; lastKnownFileType = file; path = "Raleway-ExtraBold.ttf"; sourceTree = "<group>"; };
		24E3DE241D720BB800707F69 /* Raleway-ExtraBoldItalic.ttf */ = {isa = PBXFileReference; lastKnownFileType = file; path = "Raleway-ExtraBoldItalic.ttf"; sourceTree = "<group>"; };
		24E3DE251D720BB800707F69 /* Raleway-ExtraLight.ttf */ = {isa = PBXFileReference; lastKnownFileType = file; path = "Raleway-ExtraLight.ttf"; sourceTree = "<group>"; };
		24E3DE261D720BB800707F69 /* Raleway-ExtraLightItalic.ttf */ = {isa = PBXFileReference; lastKnownFileType = file; path = "Raleway-ExtraLightItalic.ttf"; sourceTree = "<group>"; };
		24E3DE271D720BB800707F69 /* Raleway-Italic.ttf */ = {isa = PBXFileReference; lastKnownFileType = file; path = "Raleway-Italic.ttf"; sourceTree = "<group>"; };
		24E3DE281D720BB800707F69 /* Raleway-Light.ttf */ = {isa = PBXFileReference; lastKnownFileType = file; path = "Raleway-Light.ttf"; sourceTree = "<group>"; };
		24E3DE291D720BB800707F69 /* Raleway-LightItalic.ttf */ = {isa = PBXFileReference; lastKnownFileType = file; path = "Raleway-LightItalic.ttf"; sourceTree = "<group>"; };
		24E3DE2A1D720BB800707F69 /* Raleway-Medium.ttf */ = {isa = PBXFileReference; lastKnownFileType = file; path = "Raleway-Medium.ttf"; sourceTree = "<group>"; };
		24E3DE2B1D720BB800707F69 /* Raleway-MediumItalic.ttf */ = {isa = PBXFileReference; lastKnownFileType = file; path = "Raleway-MediumItalic.ttf"; sourceTree = "<group>"; };
		24E3DE2C1D720BB800707F69 /* Raleway-Regular.ttf */ = {isa = PBXFileReference; lastKnownFileType = file; path = "Raleway-Regular.ttf"; sourceTree = "<group>"; };
		24E3DE2D1D720BB800707F69 /* Raleway-SemiBold.ttf */ = {isa = PBXFileReference; lastKnownFileType = file; path = "Raleway-SemiBold.ttf"; sourceTree = "<group>"; };
		24E3DE2E1D720BB800707F69 /* Raleway-SemiBoldItalic.ttf */ = {isa = PBXFileReference; lastKnownFileType = file; path = "Raleway-SemiBoldItalic.ttf"; sourceTree = "<group>"; };
		24E3DE2F1D720BB800707F69 /* Raleway-Thin.ttf */ = {isa = PBXFileReference; lastKnownFileType = file; path = "Raleway-Thin.ttf"; sourceTree = "<group>"; };
		24E3DE301D720BB800707F69 /* Raleway-ThinItalic.ttf */ = {isa = PBXFileReference; lastKnownFileType = file; path = "Raleway-ThinItalic.ttf"; sourceTree = "<group>"; };
		24E3DE341D720BB800707F69 /* Contents.json */ = {isa = PBXFileReference; fileEncoding = 4; lastKnownFileType = text.json; path = Contents.json; sourceTree = "<group>"; };
		24E3DE351D720BB800707F69 /* Icon-App-29x29@1x.png */ = {isa = PBXFileReference; lastKnownFileType = image.png; path = "Icon-App-29x29@1x.png"; sourceTree = "<group>"; };
		24E3DE361D720BB800707F69 /* Icon-App-29x29@2x.png */ = {isa = PBXFileReference; lastKnownFileType = image.png; path = "Icon-App-29x29@2x.png"; sourceTree = "<group>"; };
		24E3DE371D720BB800707F69 /* Icon-App-29x29@3x.png */ = {isa = PBXFileReference; lastKnownFileType = image.png; path = "Icon-App-29x29@3x.png"; sourceTree = "<group>"; };
		24E3DE381D720BB800707F69 /* Icon-App-40x40@1x.png */ = {isa = PBXFileReference; lastKnownFileType = image.png; path = "Icon-App-40x40@1x.png"; sourceTree = "<group>"; };
		24E3DE391D720BB800707F69 /* Icon-App-40x40@2x.png */ = {isa = PBXFileReference; lastKnownFileType = image.png; path = "Icon-App-40x40@2x.png"; sourceTree = "<group>"; };
		24E3DE3A1D720BB800707F69 /* Icon-App-40x40@3x.png */ = {isa = PBXFileReference; lastKnownFileType = image.png; path = "Icon-App-40x40@3x.png"; sourceTree = "<group>"; };
		24E3DE3B1D720BB800707F69 /* Icon-App-60x60@1x.png */ = {isa = PBXFileReference; lastKnownFileType = image.png; path = "Icon-App-60x60@1x.png"; sourceTree = "<group>"; };
		24E3DE3C1D720BB800707F69 /* Icon-App-60x60@2x.png */ = {isa = PBXFileReference; lastKnownFileType = image.png; path = "Icon-App-60x60@2x.png"; sourceTree = "<group>"; };
		24E3DE3D1D720BB800707F69 /* Icon-App-60x60@3x.png */ = {isa = PBXFileReference; lastKnownFileType = image.png; path = "Icon-App-60x60@3x.png"; sourceTree = "<group>"; };
		24E3DE3E1D720BB800707F69 /* Icon-App-76x76@1x.png */ = {isa = PBXFileReference; lastKnownFileType = image.png; path = "Icon-App-76x76@1x.png"; sourceTree = "<group>"; };
		24E3DE3F1D720BB800707F69 /* Icon-App-76x76@2x.png */ = {isa = PBXFileReference; lastKnownFileType = image.png; path = "Icon-App-76x76@2x.png"; sourceTree = "<group>"; };
		24E3DE401D720BB800707F69 /* Icon-App-76x76@3x.png */ = {isa = PBXFileReference; lastKnownFileType = image.png; path = "Icon-App-76x76@3x.png"; sourceTree = "<group>"; };
		24E3DE411D720BB800707F69 /* Icon-App-83.5x83.5@2x.png */ = {isa = PBXFileReference; lastKnownFileType = image.png; path = "Icon-App-83.5x83.5@2x.png"; sourceTree = "<group>"; };
		24E3DE421D720BB800707F69 /* iTunesArtwork@1x.png */ = {isa = PBXFileReference; lastKnownFileType = image.png; path = "iTunesArtwork@1x.png"; sourceTree = "<group>"; };
		24E3DE431D720BB800707F69 /* iTunesArtwork@2x.png */ = {isa = PBXFileReference; lastKnownFileType = image.png; path = "iTunesArtwork@2x.png"; sourceTree = "<group>"; };
		24E3DE441D720BB800707F69 /* iTunesArtwork@3x.png */ = {isa = PBXFileReference; lastKnownFileType = image.png; path = "iTunesArtwork@3x.png"; sourceTree = "<group>"; };
		24E3DE451D720BB800707F69 /* README.md */ = {isa = PBXFileReference; fileEncoding = 4; lastKnownFileType = net.daringfireball.markdown; path = README.md; sourceTree = "<group>"; };
		24E3DE481D720BB800707F69 /* bahrin.png */ = {isa = PBXFileReference; lastKnownFileType = image.png; path = bahrin.png; sourceTree = "<group>"; };
		24E3DE491D720BB800707F69 /* bg_landing.png */ = {isa = PBXFileReference; lastKnownFileType = image.png; path = bg_landing.png; sourceTree = "<group>"; };
		24E3DE4A1D720BB800707F69 /* bg_landing_pop.png */ = {isa = PBXFileReference; lastKnownFileType = image.png; path = bg_landing_pop.png; sourceTree = "<group>"; };
		24E3DE4B1D720BB800707F69 /* bg_landing_top.png */ = {isa = PBXFileReference; lastKnownFileType = image.png; path = bg_landing_top.png; sourceTree = "<group>"; };
		24E3DE4C1D720BB800707F69 /* btn_clack.png */ = {isa = PBXFileReference; lastKnownFileType = image.png; path = btn_clack.png; sourceTree = "<group>"; };
		24E3DE4D1D720BB800707F69 /* dubai.png */ = {isa = PBXFileReference; lastKnownFileType = image.png; path = dubai.png; sourceTree = "<group>"; };
		24E3DE4E1D720BB800707F69 /* kuwait.png */ = {isa = PBXFileReference; lastKnownFileType = image.png; path = kuwait.png; sourceTree = "<group>"; };
		24E3DE4F1D720BB800707F69 /* landing_bottom.png */ = {isa = PBXFileReference; lastKnownFileType = image.png; path = landing_bottom.png; sourceTree = "<group>"; };
		24E3DE501D720BB800707F69 /* logo_arabic.png */ = {isa = PBXFileReference; lastKnownFileType = image.png; path = logo_arabic.png; sourceTree = "<group>"; };
		24E3DE511D720BB800707F69 /* oman.png */ = {isa = PBXFileReference; lastKnownFileType = image.png; path = oman.png; sourceTree = "<group>"; };
		24E3DE521D720BB800707F69 /* qatar.png */ = {isa = PBXFileReference; lastKnownFileType = image.png; path = qatar.png; sourceTree = "<group>"; };
		24E3DE531D720BB800707F69 /* right_arrow.png */ = {isa = PBXFileReference; lastKnownFileType = image.png; path = right_arrow.png; sourceTree = "<group>"; };
		24E3DE541D720BB800707F69 /* saudi_aerbia.png */ = {isa = PBXFileReference; lastKnownFileType = image.png; path = saudi_aerbia.png; sourceTree = "<group>"; };
		24E3DE551D720BB800707F69 /* seprator.png */ = {isa = PBXFileReference; lastKnownFileType = image.png; path = seprator.png; sourceTree = "<group>"; };
		24E3DE571D720BB800707F69 /* bahrin@2x.png */ = {isa = PBXFileReference; lastKnownFileType = image.png; path = "bahrin@2x.png"; sourceTree = "<group>"; };
		24E3DE581D720BB800707F69 /* bg_landing@2x.png */ = {isa = PBXFileReference; lastKnownFileType = image.png; path = "bg_landing@2x.png"; sourceTree = "<group>"; };
		24E3DE591D720BB800707F69 /* bg_landing_pop@2x.png */ = {isa = PBXFileReference; lastKnownFileType = image.png; path = "bg_landing_pop@2x.png"; sourceTree = "<group>"; };
		24E3DE5A1D720BB800707F69 /* bg_landing_top@2x.png */ = {isa = PBXFileReference; lastKnownFileType = image.png; path = "bg_landing_top@2x.png"; sourceTree = "<group>"; };
		24E3DE5B1D720BB800707F69 /* btn_clack@2x.png */ = {isa = PBXFileReference; lastKnownFileType = image.png; path = "btn_clack@2x.png"; sourceTree = "<group>"; };
		24E3DE5C1D720BB800707F69 /* dubai@2x.png */ = {isa = PBXFileReference; lastKnownFileType = image.png; path = "dubai@2x.png"; sourceTree = "<group>"; };
		24E3DE5D1D720BB800707F69 /* kuwait@2x.png */ = {isa = PBXFileReference; lastKnownFileType = image.png; path = "kuwait@2x.png"; sourceTree = "<group>"; };
		24E3DE5E1D720BB800707F69 /* landing_bottom@2x.png */ = {isa = PBXFileReference; lastKnownFileType = image.png; path = "landing_bottom@2x.png"; sourceTree = "<group>"; };
		24E3DE5F1D720BB800707F69 /* logo_arabic@2x.png */ = {isa = PBXFileReference; lastKnownFileType = image.png; path = "logo_arabic@2x.png"; sourceTree = "<group>"; };
		24E3DE601D720BB800707F69 /* oman@2x.png */ = {isa = PBXFileReference; lastKnownFileType = image.png; path = "oman@2x.png"; sourceTree = "<group>"; };
		24E3DE611D720BB800707F69 /* qatar@2x.png */ = {isa = PBXFileReference; lastKnownFileType = image.png; path = "qatar@2x.png"; sourceTree = "<group>"; };
		24E3DE621D720BB800707F69 /* right_arrow@2x.png */ = {isa = PBXFileReference; lastKnownFileType = image.png; path = "right_arrow@2x.png"; sourceTree = "<group>"; };
		24E3DE631D720BB800707F69 /* saudi_aerbia@2x.png */ = {isa = PBXFileReference; lastKnownFileType = image.png; path = "saudi_aerbia@2x.png"; sourceTree = "<group>"; };
		24E3DE641D720BB800707F69 /* seprator@2x.png */ = {isa = PBXFileReference; lastKnownFileType = image.png; path = "seprator@2x.png"; sourceTree = "<group>"; };
		24E3DE661D720BB800707F69 /* bahrin@3x.png */ = {isa = PBXFileReference; lastKnownFileType = image.png; path = "bahrin@3x.png"; sourceTree = "<group>"; };
		24E3DE671D720BB800707F69 /* bg_landing@3x.png */ = {isa = PBXFileReference; lastKnownFileType = image.png; path = "bg_landing@3x.png"; sourceTree = "<group>"; };
		24E3DE681D720BB800707F69 /* bg_landing_pop@3x.png */ = {isa = PBXFileReference; lastKnownFileType = image.png; path = "bg_landing_pop@3x.png"; sourceTree = "<group>"; };
		24E3DE691D720BB800707F69 /* bg_landing_top@3x.png */ = {isa = PBXFileReference; lastKnownFileType = image.png; path = "bg_landing_top@3x.png"; sourceTree = "<group>"; };
		24E3DE6A1D720BB800707F69 /* btn_clack@3x.png */ = {isa = PBXFileReference; lastKnownFileType = image.png; path = "btn_clack@3x.png"; sourceTree = "<group>"; };
		24E3DE6B1D720BB800707F69 /* dubai@3x.png */ = {isa = PBXFileReference; lastKnownFileType = image.png; path = "dubai@3x.png"; sourceTree = "<group>"; };
		24E3DE6C1D720BB800707F69 /* kuwait@3x.png */ = {isa = PBXFileReference; lastKnownFileType = image.png; path = "kuwait@3x.png"; sourceTree = "<group>"; };
		24E3DE6D1D720BB800707F69 /* landing_bottom@3x.png */ = {isa = PBXFileReference; lastKnownFileType = image.png; path = "landing_bottom@3x.png"; sourceTree = "<group>"; };
		24E3DE6E1D720BB800707F69 /* logo_arabic@3x.png */ = {isa = PBXFileReference; lastKnownFileType = image.png; path = "logo_arabic@3x.png"; sourceTree = "<group>"; };
		24E3DE6F1D720BB800707F69 /* oman@3x.png */ = {isa = PBXFileReference; lastKnownFileType = image.png; path = "oman@3x.png"; sourceTree = "<group>"; };
		24E3DE701D720BB800707F69 /* qatar@3x.png */ = {isa = PBXFileReference; lastKnownFileType = image.png; path = "qatar@3x.png"; sourceTree = "<group>"; };
		24E3DE711D720BB800707F69 /* right_arrow@3x.png */ = {isa = PBXFileReference; lastKnownFileType = image.png; path = "right_arrow@3x.png"; sourceTree = "<group>"; };
		24E3DE721D720BB800707F69 /* saudi_aerbia@3x.png */ = {isa = PBXFileReference; lastKnownFileType = image.png; path = "saudi_aerbia@3x.png"; sourceTree = "<group>"; };
		24E3DE731D720BB800707F69 /* seprator@3x.png */ = {isa = PBXFileReference; lastKnownFileType = image.png; path = "seprator@3x.png"; sourceTree = "<group>"; };
		24E3DE781D720BB800707F69 /* 1242-x-2208.png */ = {isa = PBXFileReference; lastKnownFileType = image.png; path = "1242-x-2208.png"; sourceTree = "<group>"; };
		24E3DE791D720BB800707F69 /* 320-x-480.png */ = {isa = PBXFileReference; lastKnownFileType = image.png; path = "320-x-480.png"; sourceTree = "<group>"; };
		24E3DE7A1D720BB800707F69 /* 640-x-1136.png */ = {isa = PBXFileReference; lastKnownFileType = image.png; path = "640-x-1136.png"; sourceTree = "<group>"; };
		24E3DE7B1D720BB800707F69 /* 640-x-960.png */ = {isa = PBXFileReference; lastKnownFileType = image.png; path = "640-x-960.png"; sourceTree = "<group>"; };
		24E3DE7C1D720BB800707F69 /* 750-x-1334.png */ = {isa = PBXFileReference; lastKnownFileType = image.png; path = "750-x-1334.png"; sourceTree = "<group>"; };
		24E3DED81D72106400707F69 /* 768-x-1024.png */ = {isa = PBXFileReference; lastKnownFileType = image.png; path = "768-x-1024.png"; sourceTree = "<group>"; };
		24E3DEDA1D72108500707F69 /* 1536-x-2048.png */ = {isa = PBXFileReference; lastKnownFileType = image.png; path = "1536-x-2048.png"; sourceTree = "<group>"; };
/* End PBXFileReference section */

/* Begin PBXFrameworksBuildPhase section */
		24BF62D21D68D25D00BB8164 /* Frameworks */ = {
			isa = PBXFrameworksBuildPhase;
			buildActionMask = 2147483647;
			files = (
			);
			runOnlyForDeploymentPostprocessing = 0;
		};
/* End PBXFrameworksBuildPhase section */

/* Begin PBXGroup section */
		24BF62CC1D68D25D00BB8164 = {
			isa = PBXGroup;
			children = (
				24BF62D71D68D25D00BB8164 /* Shy7lo */,
				24BF62D61D68D25D00BB8164 /* Products */,
			);
			sourceTree = "<group>";
		};
		24BF62D61D68D25D00BB8164 /* Products */ = {
			isa = PBXGroup;
			children = (
				24BF62D51D68D25D00BB8164 /* Shy7lo.app */,
			);
			name = Products;
			sourceTree = "<group>";
		};
		24BF62D71D68D25D00BB8164 /* Shy7lo */ = {
			isa = PBXGroup;
			children = (
				24BF62D81D68D25D00BB8164 /* AppDelegate.swift */,
				24BF62DF1D68D25D00BB8164 /* Assets.xcassets */,
				24BF62E11D68D25D00BB8164 /* LaunchScreen.storyboard */,
				24E3DE0B1D720B8B00707F69 /* ViewController */,
				24E3DE131D720BB800707F69 /* Resources */,
				24BF62E41D68D25D00BB8164 /* Info.plist */,
			);
			path = Shy7lo;
			sourceTree = "<group>";
		};
		24DC61031D75F18A00AE9DB2 /* External Library */ = {
			isa = PBXGroup;
			children = (
				24DC61041D75F18A00AE9DB2 /* DGRunKeeperSwitch */,
			);
			path = "External Library";
			sourceTree = "<group>";
		};
		24DC61041D75F18A00AE9DB2 /* DGRunKeeperSwitch */ = {
			isa = PBXGroup;
			children = (
				24DC61051D75F18A00AE9DB2 /* DGRunkeeperSwitch.swift */,
			);
			path = DGRunKeeperSwitch;
			sourceTree = "<group>";
		};
		24E3DE0B1D720B8B00707F69 /* ViewController */ = {
			isa = PBXGroup;
			children = (
				24E3DE0C1D720B8B00707F69 /* Landing */,
			);
			path = ViewController;
			sourceTree = "<group>";
		};
		24E3DE0C1D720B8B00707F69 /* Landing */ = {
			isa = PBXGroup;
			children = (
				24E3DE0D1D720B8B00707F69 /* LandingViewController.swift */,
				24E3DE0E1D720B8B00707F69 /* LandingViewController.xib */,
				24E3DE0F1D720B8B00707F69 /* LandingViewController_iPad.xib */,
			);
			path = Landing;
			sourceTree = "<group>";
		};
		24E3DE131D720BB800707F69 /* Resources */ = {
			isa = PBXGroup;
			children = (
				24DC61031D75F18A00AE9DB2 /* External Library */,
				24E3DE141D720BB800707F69 /* Fonts */,
				24E3DE311D720BB800707F69 /* icon */,
				24E3DE461D720BB800707F69 /* Landing */,
				24E3DE771D720BB800707F69 /* Splash */,
			);
			path = Resources;
			sourceTree = "<group>";
		};
		24E3DE141D720BB800707F69 /* Fonts */ = {
			isa = PBXGroup;
			children = (
				24E3DE151D720BB800707F69 /* DroidKufi-DroidNaskh */,
				24E3DE1A1D720BB800707F69 /* raleway */,
			);
			path = Fonts;
			sourceTree = "<group>";
		};
		24E3DE151D720BB800707F69 /* DroidKufi-DroidNaskh */ = {
			isa = PBXGroup;
			children = (
				24E3DE161D720BB800707F69 /* DroidKufi-Bold.ttf */,
				24E3DE171D720BB800707F69 /* DroidKufi-Regular.ttf */,
				24E3DE181D720BB800707F69 /* DroidNaskh-Bold.ttf */,
				24E3DE191D720BB800707F69 /* DroidNaskh-Regular.ttf */,
			);
			path = "DroidKufi-DroidNaskh";
			sourceTree = "<group>";
		};
		24E3DE1A1D720BB800707F69 /* raleway */ = {
			isa = PBXGroup;
			children = (
				24E3DE1B1D720BB800707F69 /* DESCRIPTION.en_us.html */,
				24E3DE1C1D720BB800707F69 /* FONTLOG.txt */,
				24E3DE1D1D720BB800707F69 /* METADATA.pb */,
				24E3DE1E1D720BB800707F69 /* OFL.txt */,
				24E3DE1F1D720BB800707F69 /* Raleway-Black.ttf */,
				24E3DE201D720BB800707F69 /* Raleway-BlackItalic.ttf */,
				24E3DE211D720BB800707F69 /* Raleway-Bold.ttf */,
				24E3DE221D720BB800707F69 /* Raleway-BoldItalic.ttf */,
				24E3DE231D720BB800707F69 /* Raleway-ExtraBold.ttf */,
				24E3DE241D720BB800707F69 /* Raleway-ExtraBoldItalic.ttf */,
				24E3DE251D720BB800707F69 /* Raleway-ExtraLight.ttf */,
				24E3DE261D720BB800707F69 /* Raleway-ExtraLightItalic.ttf */,
				24E3DE271D720BB800707F69 /* Raleway-Italic.ttf */,
				24E3DE281D720BB800707F69 /* Raleway-Light.ttf */,
				24E3DE291D720BB800707F69 /* Raleway-LightItalic.ttf */,
				24E3DE2A1D720BB800707F69 /* Raleway-Medium.ttf */,
				24E3DE2B1D720BB800707F69 /* Raleway-MediumItalic.ttf */,
				24E3DE2C1D720BB800707F69 /* Raleway-Regular.ttf */,
				24E3DE2D1D720BB800707F69 /* Raleway-SemiBold.ttf */,
				24E3DE2E1D720BB800707F69 /* Raleway-SemiBoldItalic.ttf */,
				24E3DE2F1D720BB800707F69 /* Raleway-Thin.ttf */,
				24E3DE301D720BB800707F69 /* Raleway-ThinItalic.ttf */,
			);
			path = raleway;
			sourceTree = "<group>";
		};
		24E3DE311D720BB800707F69 /* icon */ = {
			isa = PBXGroup;
			children = (
				24E3DE321D720BB800707F69 /* ios */,
			);
			path = icon;
			sourceTree = "<group>";
		};
		24E3DE321D720BB800707F69 /* ios */ = {
			isa = PBXGroup;
			children = (
				24E3DE331D720BB800707F69 /* AppIcon.appiconset */,
				24E3DE421D720BB800707F69 /* iTunesArtwork@1x.png */,
				24E3DE431D720BB800707F69 /* iTunesArtwork@2x.png */,
				24E3DE441D720BB800707F69 /* iTunesArtwork@3x.png */,
				24E3DE451D720BB800707F69 /* README.md */,
			);
			path = ios;
			sourceTree = "<group>";
		};
		24E3DE331D720BB800707F69 /* AppIcon.appiconset */ = {
			isa = PBXGroup;
			children = (
				24E3DE341D720BB800707F69 /* Contents.json */,
				24E3DE351D720BB800707F69 /* Icon-App-29x29@1x.png */,
				24E3DE361D720BB800707F69 /* Icon-App-29x29@2x.png */,
				24E3DE371D720BB800707F69 /* Icon-App-29x29@3x.png */,
				24E3DE381D720BB800707F69 /* Icon-App-40x40@1x.png */,
				24E3DE391D720BB800707F69 /* Icon-App-40x40@2x.png */,
				24E3DE3A1D720BB800707F69 /* Icon-App-40x40@3x.png */,
				24E3DE3B1D720BB800707F69 /* Icon-App-60x60@1x.png */,
				24E3DE3C1D720BB800707F69 /* Icon-App-60x60@2x.png */,
				24E3DE3D1D720BB800707F69 /* Icon-App-60x60@3x.png */,
				24E3DE3E1D720BB800707F69 /* Icon-App-76x76@1x.png */,
				24E3DE3F1D720BB800707F69 /* Icon-App-76x76@2x.png */,
				24E3DE401D720BB800707F69 /* Icon-App-76x76@3x.png */,
				24E3DE411D720BB800707F69 /* Icon-App-83.5x83.5@2x.png */,
			);
			path = AppIcon.appiconset;
			sourceTree = "<group>";
		};
		24E3DE461D720BB800707F69 /* Landing */ = {
			isa = PBXGroup;
			children = (
				24E3DE471D720BB800707F69 /* 1x */,
				24E3DE561D720BB800707F69 /* 2x */,
				24E3DE651D720BB800707F69 /* 3x */,
				24E3DE741D720BB800707F69 /* iPad */,
			);
			path = Landing;
			sourceTree = "<group>";
		};
		24E3DE471D720BB800707F69 /* 1x */ = {
			isa = PBXGroup;
			children = (
				2495FCEC1D74C7FB0093387B /* backGround.png */,
				24E3DE481D720BB800707F69 /* bahrin.png */,
				24E3DE491D720BB800707F69 /* bg_landing.png */,
				24E3DE4A1D720BB800707F69 /* bg_landing_pop.png */,
				24E3DE4B1D720BB800707F69 /* bg_landing_top.png */,
				24E3DE4C1D720BB800707F69 /* btn_clack.png */,
				24E3DE4D1D720BB800707F69 /* dubai.png */,
				24E3DE4E1D720BB800707F69 /* kuwait.png */,
				24E3DE4F1D720BB800707F69 /* landing_bottom.png */,
				24E3DE501D720BB800707F69 /* logo_arabic.png */,
				24E3DE511D720BB800707F69 /* oman.png */,
				24E3DE521D720BB800707F69 /* qatar.png */,
				24E3DE531D720BB800707F69 /* right_arrow.png */,
				24E3DE541D720BB800707F69 /* saudi_aerbia.png */,
				24E3DE551D720BB800707F69 /* seprator.png */,
				24DC61111D7607F700AE9DB2 /* saudi_aerbia_selected.png */,
				24DC61131D7608DF00AE9DB2 /* qatar_selected.png */,
				24DC61191D760A0E00AE9DB2 /* dubai_selected.png */,
				24DC611F1D760A6A00AE9DB2 /* oman_selected.png */,
				24DC61251D760B3100AE9DB2 /* kuwait_selected.png */,
				24DC612B1D760B7500AE9DB2 /* bahrin_selected.png */,
			);
			path = 1x;
			sourceTree = "<group>";
		};
		24E3DE561D720BB800707F69 /* 2x */ = {
			isa = PBXGroup;
			children = (
				24DC61271D760B3900AE9DB2 /* kuwait_selected@2x.png */,
				24DC612D1D760B7C00AE9DB2 /* bahrin_selected@2x.png */,
				2495FCEA1D74C7EC0093387B /* backGround@2x.png */,
				24DC61211D760A7100AE9DB2 /* oman_selected@2x.png */,
				24DC611B1D760A1500AE9DB2 /* dubai_selected@2x.png */,
				24DC61151D7608E800AE9DB2 /* qatar_selected@2x.png */,
				24E3DE571D720BB800707F69 /* bahrin@2x.png */,
				24E3DE581D720BB800707F69 /* bg_landing@2x.png */,
				24E3DE591D720BB800707F69 /* bg_landing_pop@2x.png */,
				24E3DE5A1D720BB800707F69 /* bg_landing_top@2x.png */,
				24E3DE5B1D720BB800707F69 /* btn_clack@2x.png */,
				24E3DE5C1D720BB800707F69 /* dubai@2x.png */,
				24E3DE5D1D720BB800707F69 /* kuwait@2x.png */,
				24E3DE5E1D720BB800707F69 /* landing_bottom@2x.png */,
				24E3DE5F1D720BB800707F69 /* logo_arabic@2x.png */,
				24E3DE601D720BB800707F69 /* oman@2x.png */,
				24E3DE611D720BB800707F69 /* qatar@2x.png */,
				24E3DE621D720BB800707F69 /* right_arrow@2x.png */,
				24E3DE631D720BB800707F69 /* saudi_aerbia@2x.png */,
				24E3DE641D720BB800707F69 /* seprator@2x.png */,
				24DC610F1D7607F000AE9DB2 /* saudi_aerbia_selected@2x.png */,
			);
			path = 2x;
			sourceTree = "<group>";
		};
		24E3DE651D720BB800707F69 /* 3x */ = {
			isa = PBXGroup;
			children = (
				24DC61291D760B4000AE9DB2 /* kuwait_selected@3x.png */,
				24DC612F1D760B8400AE9DB2 /* bahrin_selected@3x.png */,
				24DC61171D7608F200AE9DB2 /* qatar_selected@3x.png */,
				24DC611D1D760A1C00AE9DB2 /* dubai_selected@3x.png */,
				2495FCE81D74C7DE0093387B /* backGround@3x.png */,
				24DC61231D760A7A00AE9DB2 /* oman_selected@3x.png */,
				24E3DE661D720BB800707F69 /* bahrin@3x.png */,
				24E3DE671D720BB800707F69 /* bg_landing@3x.png */,
				24E3DE681D720BB800707F69 /* bg_landing_pop@3x.png */,
				24E3DE691D720BB800707F69 /* bg_landing_top@3x.png */,
				24E3DE6A1D720BB800707F69 /* btn_clack@3x.png */,
				24E3DE6B1D720BB800707F69 /* dubai@3x.png */,
				24E3DE6C1D720BB800707F69 /* kuwait@3x.png */,
				24E3DE6D1D720BB800707F69 /* landing_bottom@3x.png */,
				24E3DE6E1D720BB800707F69 /* logo_arabic@3x.png */,
				24E3DE6F1D720BB800707F69 /* oman@3x.png */,
				24E3DE701D720BB800707F69 /* qatar@3x.png */,
				24E3DE711D720BB800707F69 /* right_arrow@3x.png */,
				24E3DE721D720BB800707F69 /* saudi_aerbia@3x.png */,
				24E3DE731D720BB800707F69 /* seprator@3x.png */,
				24DC610D1D7607E900AE9DB2 /* saudi_aerbia_selected@3x.png */,
			);
			path = 3x;
			sourceTree = "<group>";
		};
		24E3DE741D720BB800707F69 /* iPad */ = {
			isa = PBXGroup;
			children = (
				24E3DE751D720BB800707F69 /* 1x */,
				24E3DE761D720BB800707F69 /* 2x */,
			);
			path = iPad;
			sourceTree = "<group>";
		};
		24E3DE751D720BB800707F69 /* 1x */ = {
			isa = PBXGroup;
			children = (
			);
			path = 1x;
			sourceTree = "<group>";
		};
		24E3DE761D720BB800707F69 /* 2x */ = {
			isa = PBXGroup;
			children = (
			);
			path = 2x;
			sourceTree = "<group>";
		};
		24E3DE771D720BB800707F69 /* Splash */ = {
			isa = PBXGroup;
			children = (
				24E3DE781D720BB800707F69 /* 1242-x-2208.png */,
				24E3DE791D720BB800707F69 /* 320-x-480.png */,
				24E3DE7A1D720BB800707F69 /* 640-x-1136.png */,
				24E3DE7B1D720BB800707F69 /* 640-x-960.png */,
				24E3DE7C1D720BB800707F69 /* 750-x-1334.png */,
				24E3DED81D72106400707F69 /* 768-x-1024.png */,
				24E3DEDA1D72108500707F69 /* 1536-x-2048.png */,
			);
			path = Splash;
			sourceTree = "<group>";
		};
/* End PBXGroup section */

/* Begin PBXNativeTarget section */
		24BF62D41D68D25D00BB8164 /* Shy7lo */ = {
			isa = PBXNativeTarget;
			buildConfigurationList = 24BF62E71D68D25D00BB8164 /* Build configuration list for PBXNativeTarget "Shy7lo" */;
			buildPhases = (
				24BF62D11D68D25D00BB8164 /* Sources */,
				24BF62D21D68D25D00BB8164 /* Frameworks */,
				24BF62D31D68D25D00BB8164 /* Resources */,
			);
			buildRules = (
			);
			dependencies = (
			);
			name = Shy7lo;
			productName = Shy7lo;
			productReference = 24BF62D51D68D25D00BB8164 /* Shy7lo.app */;
			productType = "com.apple.product-type.application";
		};
/* End PBXNativeTarget section */

/* Begin PBXProject section */
		24BF62CD1D68D25D00BB8164 /* Project object */ = {
			isa = PBXProject;
			attributes = {
				LastSwiftUpdateCheck = 0730;
				LastUpgradeCheck = 0730;
				ORGANIZATIONNAME = "jitendra bhadja";
				TargetAttributes = {
					24BF62D41D68D25D00BB8164 = {
						CreatedOnToolsVersion = 7.3.1;
					};
				};
			};
			buildConfigurationList = 24BF62D01D68D25D00BB8164 /* Build configuration list for PBXProject "Shy7lo" */;
			compatibilityVersion = "Xcode 3.2";
			developmentRegion = English;
			hasScannedForEncodings = 0;
			knownRegions = (
				en,
				Base,
			);
			mainGroup = 24BF62CC1D68D25D00BB8164;
			productRefGroup = 24BF62D61D68D25D00BB8164 /* Products */;
			projectDirPath = "";
			projectRoot = "";
			targets = (
				24BF62D41D68D25D00BB8164 /* Shy7lo */,
			);
		};
/* End PBXProject section */

/* Begin PBXResourcesBuildPhase section */
		24BF62D31D68D25D00BB8164 /* Resources */ = {
			isa = PBXResourcesBuildPhase;
			buildActionMask = 2147483647;
			files = (
				24E3DE841D720BB800707F69 /* OFL.txt in Resources */,
				24E3DEBF1D720BB800707F69 /* logo_arabic@2x.png in Resources */,
				24E3DEB31D720BB800707F69 /* qatar.png in Resources */,
				24DC61181D7608F200AE9DB2 /* qatar_selected@3x.png in Resources */,
				24E3DE9D1D720BB800707F69 /* Icon-App-40x40@3x.png in Resources */,
				24E3DEC21D720BB800707F69 /* right_arrow@2x.png in Resources */,
				24E3DE801D720BB800707F69 /* DroidNaskh-Regular.ttf in Resources */,
				24DC612E1D760B7C00AE9DB2 /* bahrin_selected@2x.png in Resources */,
				24E3DEBD1D720BB800707F69 /* kuwait@2x.png in Resources */,
				24DC610E1D7607E900AE9DB2 /* saudi_aerbia_selected@3x.png in Resources */,
				24E3DEB91D720BB800707F69 /* bg_landing_pop@2x.png in Resources */,
				24E3DECE1D720BB800707F69 /* oman@3x.png in Resources */,
				24E3DEC01D720BB800707F69 /* oman@2x.png in Resources */,
				24E3DEB11D720BB800707F69 /* logo_arabic.png in Resources */,
				24E3DE931D720BB800707F69 /* Raleway-SemiBold.ttf in Resources */,
				24BF62E31D68D25D00BB8164 /* LaunchScreen.storyboard in Resources */,
				24E3DEB01D720BB800707F69 /* landing_bottom.png in Resources */,
				24E3DED11D720BB800707F69 /* saudi_aerbia@3x.png in Resources */,
				24E3DECC1D720BB800707F69 /* landing_bottom@3x.png in Resources */,
				24DC612C1D760B7500AE9DB2 /* bahrin_selected.png in Resources */,
				24E3DEA11D720BB800707F69 /* Icon-App-76x76@1x.png in Resources */,
				24E3DEDB1D72108500707F69 /* 1536-x-2048.png in Resources */,
				24DC61241D760A7A00AE9DB2 /* oman_selected@3x.png in Resources */,
				24E3DEC51D720BB800707F69 /* bahrin@3x.png in Resources */,
				24E3DE111D720B8B00707F69 /* LandingViewController.xib in Resources */,
				24E3DE971D720BB800707F69 /* Contents.json in Resources */,
				24BF62E01D68D25D00BB8164 /* Assets.xcassets in Resources */,
				24E3DED91D72106400707F69 /* 768-x-1024.png in Resources */,
				24E3DE9C1D720BB800707F69 /* Icon-App-40x40@2x.png in Resources */,
				24DC61221D760A7100AE9DB2 /* oman_selected@2x.png in Resources */,
				24E3DEC91D720BB800707F69 /* btn_clack@3x.png in Resources */,
				24E3DE7F1D720BB800707F69 /* DroidNaskh-Bold.ttf in Resources */,
				24E3DED21D720BB800707F69 /* seprator@3x.png in Resources */,
				24E3DEB21D720BB800707F69 /* oman.png in Resources */,
				24E3DECA1D720BB800707F69 /* dubai@3x.png in Resources */,
				24E3DEB41D720BB800707F69 /* right_arrow.png in Resources */,
				2495FCED1D74C7FB0093387B /* backGround.png in Resources */,
				24DC61261D760B3100AE9DB2 /* kuwait_selected.png in Resources */,
				24E3DE961D720BB800707F69 /* Raleway-ThinItalic.ttf in Resources */,
				24E3DE871D720BB800707F69 /* Raleway-Bold.ttf in Resources */,
				24E3DEC11D720BB800707F69 /* qatar@2x.png in Resources */,
				24E3DEB81D720BB800707F69 /* bg_landing@2x.png in Resources */,
				24E3DE881D720BB800707F69 /* Raleway-BoldItalic.ttf in Resources */,
				24E3DEB51D720BB800707F69 /* saudi_aerbia.png in Resources */,
				24E3DECB1D720BB800707F69 /* kuwait@3x.png in Resources */,
				24DC611A1D760A0E00AE9DB2 /* dubai_selected.png in Resources */,
				24E3DECF1D720BB800707F69 /* qatar@3x.png in Resources */,
				24E3DE821D720BB800707F69 /* FONTLOG.txt in Resources */,
				24E3DEC61D720BB800707F69 /* bg_landing@3x.png in Resources */,
				24E3DEB71D720BB800707F69 /* bahrin@2x.png in Resources */,
				24DC61161D7608E800AE9DB2 /* qatar_selected@2x.png in Resources */,
				24E3DE9E1D720BB800707F69 /* Icon-App-60x60@1x.png in Resources */,
				24DC61281D760B3900AE9DB2 /* kuwait_selected@2x.png in Resources */,
				24E3DE951D720BB800707F69 /* Raleway-Thin.ttf in Resources */,
				24E3DED01D720BB800707F69 /* right_arrow@3x.png in Resources */,
				24E3DEAA1D720BB800707F69 /* bg_landing.png in Resources */,
				24E3DEC81D720BB800707F69 /* bg_landing_top@3x.png in Resources */,
				2495FCEB1D74C7EC0093387B /* backGround@2x.png in Resources */,
				24E3DE8B1D720BB800707F69 /* Raleway-ExtraLight.ttf in Resources */,
				24E3DED31D720BB800707F69 /* 1242-x-2208.png in Resources */,
				24E3DEAD1D720BB800707F69 /* btn_clack.png in Resources */,
				24E3DEBB1D720BB800707F69 /* btn_clack@2x.png in Resources */,
				24E3DEA01D720BB800707F69 /* Icon-App-60x60@3x.png in Resources */,
				24E3DEA71D720BB800707F69 /* iTunesArtwork@3x.png in Resources */,
				24DC61121D7607F700AE9DB2 /* saudi_aerbia_selected.png in Resources */,
				24E3DEA51D720BB800707F69 /* iTunesArtwork@1x.png in Resources */,
				24E3DE901D720BB800707F69 /* Raleway-Medium.ttf in Resources */,
				24E3DE891D720BB800707F69 /* Raleway-ExtraBold.ttf in Resources */,
				24E3DE941D720BB800707F69 /* Raleway-SemiBoldItalic.ttf in Resources */,
				24E3DE851D720BB800707F69 /* Raleway-Black.ttf in Resources */,
				24E3DEAB1D720BB800707F69 /* bg_landing_pop.png in Resources */,
				24E3DEA31D720BB800707F69 /* Icon-App-76x76@3x.png in Resources */,
				24E3DE921D720BB800707F69 /* Raleway-Regular.ttf in Resources */,
				24DC612A1D760B4000AE9DB2 /* kuwait_selected@3x.png in Resources */,
				24E3DE121D720B8B00707F69 /* LandingViewController_iPad.xib in Resources */,
				24DC61201D760A6A00AE9DB2 /* oman_selected.png in Resources */,
				24E3DED51D720BB800707F69 /* 640-x-1136.png in Resources */,
				24E3DECD1D720BB800707F69 /* logo_arabic@3x.png in Resources */,
				24E3DEAF1D720BB800707F69 /* kuwait.png in Resources */,
				24DC61141D7608DF00AE9DB2 /* qatar_selected.png in Resources */,
				24E3DE831D720BB800707F69 /* METADATA.pb in Resources */,
				24E3DE8A1D720BB800707F69 /* Raleway-ExtraBoldItalic.ttf in Resources */,
				24E3DEAC1D720BB800707F69 /* bg_landing_top.png in Resources */,
				24E3DE8E1D720BB800707F69 /* Raleway-Light.ttf in Resources */,
				24E3DE7D1D720BB800707F69 /* DroidKufi-Bold.ttf in Resources */,
				24E3DE8C1D720BB800707F69 /* Raleway-ExtraLightItalic.ttf in Resources */,
				24E3DEA21D720BB800707F69 /* Icon-App-76x76@2x.png in Resources */,
				24E3DED61D720BB800707F69 /* 640-x-960.png in Resources */,
				24DC61301D760B8400AE9DB2 /* bahrin_selected@3x.png in Resources */,
				24DC611C1D760A1500AE9DB2 /* dubai_selected@2x.png in Resources */,
				24E3DEA41D720BB800707F69 /* Icon-App-83.5x83.5@2x.png in Resources */,
				24E3DED71D720BB800707F69 /* 750-x-1334.png in Resources */,
				24E3DE9B1D720BB800707F69 /* Icon-App-40x40@1x.png in Resources */,
				24E3DED41D720BB800707F69 /* 320-x-480.png in Resources */,
				24E3DE9F1D720BB800707F69 /* Icon-App-60x60@2x.png in Resources */,
				2495FCE91D74C7DE0093387B /* backGround@3x.png in Resources */,
				24E3DEA91D720BB800707F69 /* bahrin.png in Resources */,
				24E3DE7E1D720BB800707F69 /* DroidKufi-Regular.ttf in Resources */,
				24DC61101D7607F000AE9DB2 /* saudi_aerbia_selected@2x.png in Resources */,
				24E3DE861D720BB800707F69 /* Raleway-BlackItalic.ttf in Resources */,
				24E3DE8D1D720BB800707F69 /* Raleway-Italic.ttf in Resources */,
				24E3DEBC1D720BB800707F69 /* dubai@2x.png in Resources */,
				24E3DE811D720BB800707F69 /* DESCRIPTION.en_us.html in Resources */,
				24E3DEBE1D720BB800707F69 /* landing_bottom@2x.png in Resources */,
				24E3DEC41D720BB800707F69 /* seprator@2x.png in Resources */,
				24DC611E1D760A1C00AE9DB2 /* dubai_selected@3x.png in Resources */,
				24E3DEA61D720BB800707F69 /* iTunesArtwork@2x.png in Resources */,
				24E3DEC31D720BB800707F69 /* saudi_aerbia@2x.png in Resources */,
				24E3DEBA1D720BB800707F69 /* bg_landing_top@2x.png in Resources */,
				24E3DEB61D720BB800707F69 /* seprator.png in Resources */,
				24E3DE981D720BB800707F69 /* Icon-App-29x29@1x.png in Resources */,
				24E3DEAE1D720BB800707F69 /* dubai.png in Resources */,
				24E3DE9A1D720BB800707F69 /* Icon-App-29x29@3x.png in Resources */,
				24E3DE8F1D720BB800707F69 /* Raleway-LightItalic.ttf in Resources */,
				24E3DE911D720BB800707F69 /* Raleway-MediumItalic.ttf in Resources */,
				24E3DEC71D720BB800707F69 /* bg_landing_pop@3x.png in Resources */,
				24E3DE991D720BB800707F69 /* Icon-App-29x29@2x.png in Resources */,
			);
			runOnlyForDeploymentPostprocessing = 0;
		};
/* End PBXResourcesBuildPhase section */

/* Begin PBXSourcesBuildPhase section */
		24BF62D11D68D25D00BB8164 /* Sources */ = {
			isa = PBXSourcesBuildPhase;
			buildActionMask = 2147483647;
			files = (
				24DC61061D75F18A00AE9DB2 /* DGRunkeeperSwitch.swift in Sources */,
				24E3DE101D720B8B00707F69 /* LandingViewController.swift in Sources */,
				24E3DEA81D720BB800707F69 /* README.md in Sources */,
				24BF62D91D68D25D00BB8164 /* AppDelegate.swift in Sources */,
			);
			runOnlyForDeploymentPostprocessing = 0;
		};
/* End PBXSourcesBuildPhase section */

/* Begin PBXVariantGroup section */
		24BF62E11D68D25D00BB8164 /* LaunchScreen.storyboard */ = {
			isa = PBXVariantGroup;
			children = (
				24BF62E21D68D25D00BB8164 /* Base */,
			);
			name = LaunchScreen.storyboard;
			sourceTree = "<group>";
		};
/* End PBXVariantGroup section */

/* Begin XCBuildConfiguration section */
		24BF62E51D68D25D00BB8164 /* Debug */ = {
			isa = XCBuildConfiguration;
			buildSettings = {
				ALWAYS_SEARCH_USER_PATHS = NO;
				CLANG_ANALYZER_NONNULL = YES;
				CLANG_CXX_LANGUAGE_STANDARD = "gnu++0x";
				CLANG_CXX_LIBRARY = "libc++";
				CLANG_ENABLE_MODULES = YES;
				CLANG_ENABLE_OBJC_ARC = YES;
				CLANG_WARN_BOOL_CONVERSION = YES;
				CLANG_WARN_CONSTANT_CONVERSION = YES;
				CLANG_WARN_DIRECT_OBJC_ISA_USAGE = YES_ERROR;
				CLANG_WARN_EMPTY_BODY = YES;
				CLANG_WARN_ENUM_CONVERSION = YES;
				CLANG_WARN_INT_CONVERSION = YES;
				CLANG_WARN_OBJC_ROOT_CLASS = YES_ERROR;
				CLANG_WARN_UNREACHABLE_CODE = YES;
				CLANG_WARN__DUPLICATE_METHOD_MATCH = YES;
				CODE_SIGN_IDENTITY = "iPhone Distribution: Njoom Arena (ZV6HRG4KHH)";
				"CODE_SIGN_IDENTITY[sdk=iphoneos*]" = "iPhone Distribution: Njoom Arena (ZV6HRG4KHH)";
				COPY_PHASE_STRIP = NO;
				DEBUG_INFORMATION_FORMAT = dwarf;
				ENABLE_STRICT_OBJC_MSGSEND = YES;
				ENABLE_TESTABILITY = YES;
				GCC_C_LANGUAGE_STANDARD = gnu99;
				GCC_DYNAMIC_NO_PIC = NO;
				GCC_NO_COMMON_BLOCKS = YES;
				GCC_OPTIMIZATION_LEVEL = 0;
				GCC_PREPROCESSOR_DEFINITIONS = (
					"DEBUG=1",
					"$(inherited)",
				);
				GCC_WARN_64_TO_32_BIT_CONVERSION = YES;
				GCC_WARN_ABOUT_RETURN_TYPE = YES_ERROR;
				GCC_WARN_UNDECLARED_SELECTOR = YES;
				GCC_WARN_UNINITIALIZED_AUTOS = YES_AGGRESSIVE;
				GCC_WARN_UNUSED_FUNCTION = YES;
				GCC_WARN_UNUSED_VARIABLE = YES;
				IPHONEOS_DEPLOYMENT_TARGET = 8.0;
				MTL_ENABLE_DEBUG_INFO = YES;
				ONLY_ACTIVE_ARCH = YES;
				PROVISIONING_PROFILE = "8449394c-3193-48f8-88c8-a21cc052e457";
				SDKROOT = iphoneos;
				SWIFT_OPTIMIZATION_LEVEL = "-Onone";
			};
			name = Debug;
		};
		24BF62E61D68D25D00BB8164 /* Release */ = {
			isa = XCBuildConfiguration;
			buildSettings = {
				ALWAYS_SEARCH_USER_PATHS = NO;
				CLANG_ANALYZER_NONNULL = YES;
				CLANG_CXX_LANGUAGE_STANDARD = "gnu++0x";
				CLANG_CXX_LIBRARY = "libc++";
				CLANG_ENABLE_MODULES = YES;
				CLANG_ENABLE_OBJC_ARC = YES;
				CLANG_WARN_BOOL_CONVERSION = YES;
				CLANG_WARN_CONSTANT_CONVERSION = YES;
				CLANG_WARN_DIRECT_OBJC_ISA_USAGE = YES_ERROR;
				CLANG_WARN_EMPTY_BODY = YES;
				CLANG_WARN_ENUM_CONVERSION = YES;
				CLANG_WARN_INT_CONVERSION = YES;
				CLANG_WARN_OBJC_ROOT_CLASS = YES_ERROR;
				CLANG_WARN_UNREACHABLE_CODE = YES;
				CLANG_WARN__DUPLICATE_METHOD_MATCH = YES;
				CODE_SIGN_IDENTITY = "iPhone Distribution: Njoom Arena (ZV6HRG4KHH)";
				"CODE_SIGN_IDENTITY[sdk=iphoneos*]" = "iPhone Distribution: Njoom Arena (ZV6HRG4KHH)";
				COPY_PHASE_STRIP = NO;
				DEBUG_INFORMATION_FORMAT = "dwarf-with-dsym";
				ENABLE_NS_ASSERTIONS = NO;
				ENABLE_STRICT_OBJC_MSGSEND = YES;
				GCC_C_LANGUAGE_STANDARD = gnu99;
				GCC_NO_COMMON_BLOCKS = YES;
				GCC_WARN_64_TO_32_BIT_CONVERSION = YES;
				GCC_WARN_ABOUT_RETURN_TYPE = YES_ERROR;
				GCC_WARN_UNDECLARED_SELECTOR = YES;
				GCC_WARN_UNINITIALIZED_AUTOS = YES_AGGRESSIVE;
				GCC_WARN_UNUSED_FUNCTION = YES;
				GCC_WARN_UNUSED_VARIABLE = YES;
				IPHONEOS_DEPLOYMENT_TARGET = 8.0;
				MTL_ENABLE_DEBUG_INFO = NO;
				PROVISIONING_PROFILE = "8449394c-3193-48f8-88c8-a21cc052e457";
				SDKROOT = iphoneos;
				VALIDATE_PRODUCT = YES;
			};
			name = Release;
		};
		24BF62E81D68D25D00BB8164 /* Debug */ = {
			isa = XCBuildConfiguration;
			buildSettings = {
				ASSETCATALOG_COMPILER_APPICON_NAME = AppIcon;
				CODE_SIGN_IDENTITY = "iPhone Distribution: Njoom Arena (ZV6HRG4KHH)";
				"CODE_SIGN_IDENTITY[sdk=iphoneos*]" = "iPhone Distribution: Njoom Arena (ZV6HRG4KHH)";
				INFOPLIST_FILE = Shy7lo/Info.plist;
				IPHONEOS_DEPLOYMENT_TARGET = 8.0;
				LD_RUNPATH_SEARCH_PATHS = "$(inherited) @executable_path/Frameworks";
				PRODUCT_BUNDLE_IDENTIFIER = com.shy7lo.shy7lo;
				PRODUCT_NAME = "$(TARGET_NAME)";
				PROVISIONING_PROFILE = "8449394c-3193-48f8-88c8-a21cc052e457";
			};
			name = Debug;
		};
		24BF62E91D68D25D00BB8164 /* Release */ = {
			isa = XCBuildConfiguration;
			buildSettings = {
				ASSETCATALOG_COMPILER_APPICON_NAME = AppIcon;
				CODE_SIGN_IDENTITY = "iPhone Distribution: Njoom Arena (ZV6HRG4KHH)";
				"CODE_SIGN_IDENTITY[sdk=iphoneos*]" = "iPhone Distribution: Njoom Arena (ZV6HRG4KHH)";
				INFOPLIST_FILE = Shy7lo/Info.plist;
				IPHONEOS_DEPLOYMENT_TARGET = 8.0;
				LD_RUNPATH_SEARCH_PATHS = "$(inherited) @executable_path/Frameworks";
				PRODUCT_BUNDLE_IDENTIFIER = com.shy7lo.shy7lo;
				PRODUCT_NAME = "$(TARGET_NAME)";
				PROVISIONING_PROFILE = "8449394c-3193-48f8-88c8-a21cc052e457";
			};
			name = Release;
		};
/* End XCBuildConfiguration section */

/* Begin XCConfigurationList section */
		24BF62D01D68D25D00BB8164 /* Build configuration list for PBXProject "Shy7lo" */ = {
			isa = XCConfigurationList;
			buildConfigurations = (
				24BF62E51D68D25D00BB8164 /* Debug */,
				24BF62E61D68D25D00BB8164 /* Release */,
			);
			defaultConfigurationIsVisible = 0;
			defaultConfigurationName = Release;
		};
		24BF62E71D68D25D00BB8164 /* Build configuration list for PBXNativeTarget "Shy7lo" */ = {
			isa = XCConfigurationList;
			buildConfigurations = (
				24BF62E81D68D25D00BB8164 /* Debug */,
				24BF62E91D68D25D00BB8164 /* Release */,
			);
			defaultConfigurationIsVisible = 0;
			defaultConfigurationName = Release;
		};
/* End XCConfigurationList section */
	};
	rootObject = 24BF62CD1D68D25D00BB8164 /* Project object */;
}
