// !$*UTF8*$!
{
	archiveVersion = 1;
	classes = {
	};
	objectVersion = 46;
	objects = {

/* Begin PBXBuildFile section */
		24BF62D91D68D25D00BB8164 /* AppDelegate.swift in Sources */ = {isa = PBXBuildFile; fileRef = 24BF62D81D68D25D00BB8164 /* AppDelegate.swift */; };
		24BF62DB1D68D25D00BB8164 /* ViewController.swift in Sources */ = {isa = PBXBuildFile; fileRef = 24BF62DA1D68D25D00BB8164 /* ViewController.swift */; };
		24BF62DE1D68D25D00BB8164 /* Main.storyboard in Resources */ = {isa = PBXBuildFile; fileRef = 24BF62DC1D68D25D00BB8164 /* Main.storyboard */; };
		24BF62E01D68D25D00BB8164 /* Assets.xcassets in Resources */ = {isa = PBXBuildFile; fileRef = 24BF62DF1D68D25D00BB8164 /* Assets.xcassets */; };
		24BF62E31D68D25D00BB8164 /* LaunchScreen.storyboard in Resources */ = {isa = PBXBuildFile; fileRef = 24BF62E11D68D25D00BB8164 /* LaunchScreen.storyboard */; };
/* End PBXBuildFile section */

/* Begin PBXFileReference section */
		24BF62D51D68D25D00BB8164 /* Shy7lo.app */ = {isa = PBXFileReference; explicitFileType = wrapper.application; includeInIndex = 0; path = Shy7lo.app; sourceTree = BUILT_PRODUCTS_DIR; };
		24BF62D81D68D25D00BB8164 /* AppDelegate.swift */ = {isa = PBXFileReference; lastKnownFileType = sourcecode.swift; path = AppDelegate.swift; sourceTree = "<group>"; };
		24BF62DA1D68D25D00BB8164 /* ViewController.swift */ = {isa = PBXFileReference; lastKnownFileType = sourcecode.swift; path = ViewController.swift; sourceTree = "<group>"; };
		24BF62DD1D68D25D00BB8164 /* Base */ = {isa = PBXFileReference; lastKnownFileType = file.storyboard; name = Base; path = Base.lproj/Main.storyboard; sourceTree = "<group>"; };
		24BF62DF1D68D25D00BB8164 /* Assets.xcassets */ = {isa = PBXFileReference; lastKnownFileType = folder.assetcatalog; path = Assets.xcassets; sourceTree = "<group>"; };
		24BF62E21D68D25D00BB8164 /* Base */ = {isa = PBXFileReference; lastKnownFileType = file.storyboard; name = Base; path = Base.lproj/LaunchScreen.storyboard; sourceTree = "<group>"; };
		24BF62E41D68D25D00BB8164 /* Info.plist */ = {isa = PBXFileReference; lastKnownFileType = text.plist.xml; path = Info.plist; sourceTree = "<group>"; };
/* End PBXFileReference section */

/* Begin PBXFrameworksBuildPhase section */
		24BF62D21D68D25D00BB8164 /* Frameworks */ = {
			isa = PBXFrameworksBuildPhase;
			buildActionMask = 2147483647;
			files = (
			);
			runOnlyForDeploymentPostprocessing = 0;
		};
/* End PBXFrameworksBuildPhase section */

/* Begin PBXGroup section */
		24BF62CC1D68D25D00BB8164 = {
			isa = PBXGroup;
			children = (
				24BF62D71D68D25D00BB8164 /* Shy7lo */,
				24BF62D61D68D25D00BB8164 /* Products */,
			);
			sourceTree = "<group>";
		};
		24BF62D61D68D25D00BB8164 /* Products */ = {
			isa = PBXGroup;
			children = (
				24BF62D51D68D25D00BB8164 /* Shy7lo.app */,
			);
			name = Products;
			sourceTree = "<group>";
		};
		24BF62D71D68D25D00BB8164 /* Shy7lo */ = {
			isa = PBXGroup;
			children = (
				24BF62D81D68D25D00BB8164 /* AppDelegate.swift */,
				24BF62DA1D68D25D00BB8164 /* ViewController.swift */,
				24BF62DC1D68D25D00BB8164 /* Main.storyboard */,
				24BF62DF1D68D25D00BB8164 /* Assets.xcassets */,
				24BF62E11D68D25D00BB8164 /* LaunchScreen.storyboard */,
				24BF62E41D68D25D00BB8164 /* Info.plist */,
			);
			path = Shy7lo;
			sourceTree = "<group>";
		};
/* End PBXGroup section */

/* Begin PBXNativeTarget section */
		24BF62D41D68D25D00BB8164 /* Shy7lo */ = {
			isa = PBXNativeTarget;
			buildConfigurationList = 24BF62E71D68D25D00BB8164 /* Build configuration list for PBXNativeTarget "Shy7lo" */;
			buildPhases = (
				24BF62D11D68D25D00BB8164 /* Sources */,
				24BF62D21D68D25D00BB8164 /* Frameworks */,
				24BF62D31D68D25D00BB8164 /* Resources */,
			);
			buildRules = (
			);
			dependencies = (
			);
			name = Shy7lo;
			productName = Shy7lo;
			productReference = 24BF62D51D68D25D00BB8164 /* Shy7lo.app */;
			productType = "com.apple.product-type.application";
		};
/* End PBXNativeTarget section */

/* Begin PBXProject section */
		24BF62CD1D68D25D00BB8164 /* Project object */ = {
			isa = PBXProject;
			attributes = {
				LastSwiftUpdateCheck = 0730;
				LastUpgradeCheck = 0730;
				ORGANIZATIONNAME = "jitendra bhadja";
				TargetAttributes = {
					24BF62D41D68D25D00BB8164 = {
						CreatedOnToolsVersion = 7.3.1;
					};
				};
			};
			buildConfigurationList = 24BF62D01D68D25D00BB8164 /* Build configuration list for PBXProject "Shy7lo" */;
			compatibilityVersion = "Xcode 3.2";
			developmentRegion = English;
			hasScannedForEncodings = 0;
			knownRegions = (
				en,
				Base,
			);
			mainGroup = 24BF62CC1D68D25D00BB8164;
			productRefGroup = 24BF62D61D68D25D00BB8164 /* Products */;
			projectDirPath = "";
			projectRoot = "";
			targets = (
				24BF62D41D68D25D00BB8164 /* Shy7lo */,
			);
		};
/* End PBXProject section */

/* Begin PBXResourcesBuildPhase section */
		24BF62D31D68D25D00BB8164 /* Resources */ = {
			isa = PBXResourcesBuildPhase;
			buildActionMask = 2147483647;
			files = (
				24BF62E31D68D25D00BB8164 /* LaunchScreen.storyboard in Resources */,
				24BF62E01D68D25D00BB8164 /* Assets.xcassets in Resources */,
				24BF62DE1D68D25D00BB8164 /* Main.storyboard in Resources */,
			);
			runOnlyForDeploymentPostprocessing = 0;
		};
/* End PBXResourcesBuildPhase section */

/* Begin PBXSourcesBuildPhase section */
		24BF62D11D68D25D00BB8164 /* Sources */ = {
			isa = PBXSourcesBuildPhase;
			buildActionMask = 2147483647;
			files = (
				24BF62DB1D68D25D00BB8164 /* ViewController.swift in Sources */,
				24BF62D91D68D25D00BB8164 /* AppDelegate.swift in Sources */,
			);
			runOnlyForDeploymentPostprocessing = 0;
		};
/* End PBXSourcesBuildPhase section */

/* Begin PBXVariantGroup section */
		24BF62DC1D68D25D00BB8164 /* Main.storyboard */ = {
			isa = PBXVariantGroup;
			children = (
				24BF62DD1D68D25D00BB8164 /* Base */,
			);
			name = Main.storyboard;
			sourceTree = "<group>";
		};
		24BF62E11D68D25D00BB8164 /* LaunchScreen.storyboard */ = {
			isa = PBXVariantGroup;
			children = (
				24BF62E21D68D25D00BB8164 /* Base */,
			);
			name = LaunchScreen.storyboard;
			sourceTree = "<group>";
		};
/* End PBXVariantGroup section */

/* Begin XCBuildConfiguration section */
		24BF62E51D68D25D00BB8164 /* Debug */ = {
			isa = XCBuildConfiguration;
			buildSettings = {
				ALWAYS_SEARCH_USER_PATHS = NO;
				CLANG_ANALYZER_NONNULL = YES;
				CLANG_CXX_LANGUAGE_STANDARD = "gnu++0x";
				CLANG_CXX_LIBRARY = "libc++";
				CLANG_ENABLE_MODULES = YES;
				CLANG_ENABLE_OBJC_ARC = YES;
				CLANG_WARN_BOOL_CONVERSION = YES;
				CLANG_WARN_CONSTANT_CONVERSION = YES;
				CLANG_WARN_DIRECT_OBJC_ISA_USAGE = YES_ERROR;
				CLANG_WARN_EMPTY_BODY = YES;
				CLANG_WARN_ENUM_CONVERSION = YES;
				CLANG_WARN_INT_CONVERSION = YES;
				CLANG_WARN_OBJC_ROOT_CLASS = YES_ERROR;
				CLANG_WARN_UNREACHABLE_CODE = YES;
				CLANG_WARN__DUPLICATE_METHOD_MATCH = YES;
				"CODE_SIGN_IDENTITY[sdk=iphoneos*]" = "iPhone Developer";
				COPY_PHASE_STRIP = NO;
				DEBUG_INFORMATION_FORMAT = dwarf;
				ENABLE_STRICT_OBJC_MSGSEND = YES;
				ENABLE_TESTABILITY = YES;
				GCC_C_LANGUAGE_STANDARD = gnu99;
				GCC_DYNAMIC_NO_PIC = NO;
				GCC_NO_COMMON_BLOCKS = YES;
				GCC_OPTIMIZATION_LEVEL = 0;
				GCC_PREPROCESSOR_DEFINITIONS = (
					"DEBUG=1",
					"$(inherited)",
				);
				GCC_WARN_64_TO_32_BIT_CONVERSION = YES;
				GCC_WARN_ABOUT_RETURN_TYPE = YES_ERROR;
				GCC_WARN_UNDECLARED_SELECTOR = YES;
				GCC_WARN_UNINITIALIZED_AUTOS = YES_AGGRESSIVE;
				GCC_WARN_UNUSED_FUNCTION = YES;
				GCC_WARN_UNUSED_VARIABLE = YES;
				IPHONEOS_DEPLOYMENT_TARGET = 9.3;
				MTL_ENABLE_DEBUG_INFO = YES;
				ONLY_ACTIVE_ARCH = YES;
				SDKROOT = iphoneos;
				SWIFT_OPTIMIZATION_LEVEL = "-Onone";
			};
			name = Debug;
		};
		24BF62E61D68D25D00BB8164 /* Release */ = {
			isa = XCBuildConfiguration;
			buildSettings = {
				ALWAYS_SEARCH_USER_PATHS = NO;
				CLANG_ANALYZER_NONNULL = YES;
				CLANG_CXX_LANGUAGE_STANDARD = "gnu++0x";
				CLANG_CXX_LIBRARY = "libc++";
				CLANG_ENABLE_MODULES = YES;
				CLANG_ENABLE_OBJC_ARC = YES;
				CLANG_WARN_BOOL_CONVERSION = YES;
				CLANG_WARN_CONSTANT_CONVERSION = YES;
				CLANG_WARN_DIRECT_OBJC_ISA_USAGE = YES_ERROR;
				CLANG_WARN_EMPTY_BODY = YES;
				CLANG_WARN_ENUM_CONVERSION = YES;
				CLANG_WARN_INT_CONVERSION = YES;
				CLANG_WARN_OBJC_ROOT_CLASS = YES_ERROR;
				CLANG_WARN_UNREACHABLE_CODE = YES;
				CLANG_WARN__DUPLICATE_METHOD_MATCH = YES;
				"CODE_SIGN_IDENTITY[sdk=iphoneos*]" = "iPhone Developer";
				COPY_PHASE_STRIP = NO;
				DEBUG_INFORMATION_FORMAT = "dwarf-with-dsym";
				ENABLE_NS_ASSERTIONS = NO;
				ENABLE_STRICT_OBJC_MSGSEND = YES;
				GCC_C_LANGUAGE_STANDARD = gnu99;
				GCC_NO_COMMON_BLOCKS = YES;
				GCC_WARN_64_TO_32_BIT_CONVERSION = YES;
				GCC_WARN_ABOUT_RETURN_TYPE = YES_ERROR;
				GCC_WARN_UNDECLARED_SELECTOR = YES;
				GCC_WARN_UNINITIALIZED_AUTOS = YES_AGGRESSIVE;
				GCC_WARN_UNUSED_FUNCTION = YES;
				GCC_WARN_UNUSED_VARIABLE = YES;
				IPHONEOS_DEPLOYMENT_TARGET = 9.3;
				MTL_ENABLE_DEBUG_INFO = NO;
				SDKROOT = iphoneos;
				VALIDATE_PRODUCT = YES;
			};
			name = Release;
		};
		24BF62E81D68D25D00BB8164 /* Debug */ = {
			isa = XCBuildConfiguration;
			buildSettings = {
				ASSETCATALOG_COMPILER_APPICON_NAME = AppIcon;
				INFOPLIST_FILE = Shy7lo/Info.plist;
				LD_RUNPATH_SEARCH_PATHS = "$(inherited) @executable_path/Frameworks";
				PRODUCT_BUNDLE_IDENTIFIER = dfds.Shy7lo;
				PRODUCT_NAME = "$(TARGET_NAME)";
			};
			name = Debug;
		};
		24BF62E91D68D25D00BB8164 /* Release */ = {
			isa = XCBuildConfiguration;
			buildSettings = {
				ASSETCATALOG_COMPILER_APPICON_NAME = AppIcon;
				INFOPLIST_FILE = Shy7lo/Info.plist;
				LD_RUNPATH_SEARCH_PATHS = "$(inherited) @executable_path/Frameworks";
				PRODUCT_BUNDLE_IDENTIFIER = dfds.Shy7lo;
				PRODUCT_NAME = "$(TARGET_NAME)";
			};
			name = Release;
		};
/* End XCBuildConfiguration section */

/* Begin XCConfigurationList section */
		24BF62D01D68D25D00BB8164 /* Build configuration list for PBXProject "Shy7lo" */ = {
			isa = XCConfigurationList;
			buildConfigurations = (
				24BF62E51D68D25D00BB8164 /* Debug */,
				24BF62E61D68D25D00BB8164 /* Release */,
			);
			defaultConfigurationIsVisible = 0;
			defaultConfigurationName = Release;
		};
		24BF62E71D68D25D00BB8164 /* Build configuration list for PBXNativeTarget "Shy7lo" */ = {
			isa = XCConfigurationList;
			buildConfigurations = (
				24BF62E81D68D25D00BB8164 /* Debug */,
				24BF62E91D68D25D00BB8164 /* Release */,
			);
			defaultConfigurationIsVisible = 0;
		};
/* End XCConfigurationList section */
	};
	rootObject = 24BF62CD1D68D25D00BB8164 /* Project object */;
}
